
Microsoft Visual Studio Solution File, Format Version 12.00
# Visual Studio Version 16
VisualStudioVersion = 16.0.30413.136
MinimumVisualStudioVersion = 10.0.40219.1
Project("{2150E333-8FDC-42A3-9474-1A3956D46DE8}") = "tools", "tools", "{CBA77B3D-26A5-47D4-ABE0-0357F42C2787}"
EndProject
Project("{FAE04EC0-301F-11D3-BF4B-00C04F79EFBC}") = "mmk", "tools\mmk\mmk.csproj", "{13B39050-0AC2-431F-82E2-5502357B2E61}"
EndProject
Project("{FAE04EC0-301F-11D3-BF4B-00C04F79EFBC}") = "managed-midi-player-console", "tools\managed-midi-player-console\managed-midi-player-console.csproj", "{E9A90B6B-89CF-4469-88F9-6E04CBDD3BE0}"
EndProject
Project("{FAE04EC0-301F-11D3-BF4B-00C04F79EFBC}") = "Commons.Music.Midi.Tests", "Commons.Music.Midi.Tests\Commons.Music.Midi.Tests.csproj", "{1E071EA9-ED3E-452E-9688-DE1ABABA2293}"
EndProject
Project("{FAE04EC0-301F-11D3-BF4B-00C04F79EFBC}") = "Commons.Music.Midi.Desktop", "Commons.Music.Midi.Desktop\Commons.Music.Midi.Desktop.csproj", "{59EEFB0D-3957-43FC-8272-C3B460F7FF84}"
EndProject
Project("{FAE04EC0-301F-11D3-BF4B-00C04F79EFBC}") = "Commons.Music.Midi.Uwp", "Commons.Music.Midi.Uwp\Commons.Music.Midi.Uwp.csproj", "{DDAD7F20-40BE-446C-BED1-E770DD7A0503}"
EndProject
Project("{FAE04EC0-301F-11D3-BF4B-00C04F79EFBC}") = "Commons.Music.Midi.Android", "Commons.Music.Midi.Android\Commons.Music.Midi.Android.csproj", "{8C6AF32A-3692-43B3-A907-9395564DB067}"
EndProject
Project("{FAE04EC0-301F-11D3-BF4B-00C04F79EFBC}") = "Commons.Music.Midi.iOS", "Commons.Music.Midi.iOS\Commons.Music.Midi.iOS.csproj", "{9CED7E33-D8EB-43B2-A903-9E5D63B34F23}"
EndProject
Project("{FAE04EC0-301F-11D3-BF4B-00C04F79EFBC}") = "managed-midi-recorder", "tools\managed-midi-recorder\managed-midi-recorder.csproj", "{32173104-2069-44A7-B347-EEA6609A1E7B}"
EndProject
Project("{9A19103F-16F7-4668-BE54-9A1E7A4F7556}") = "Commons.Music.Midi", "Commons.Music.Midi\Commons.Music.Midi.csproj", "{7D9A799C-7724-4787-9F6D-61A76DC49F1F}"
EndProject
Project("{D954291E-2A0B-460D-934E-DC6B0785DB48}") = "Commons.Music.Midi.DesktopShared", "Commons.Music.Midi.DesktopShared\Commons.Music.Midi.DesktopShared.shproj", "{ACB7F202-3B4C-4859-B9BE-ADE6B6726DB0}"
EndProject
Project("{9A19103F-16F7-4668-BE54-9A1E7A4F7556}") = "alsa-sharp", "external\alsa-sharp\dotnetcore\alsa-sharp\alsa-sharp.csproj", "{4C7D511E-EE5D-4F88-9CAA-A68DAFA19132}"
EndProject
Project("{2150E333-8FDC-42A3-9474-1A3956D46DE8}") = "XFTest", "XFTest", "{6DA95F02-5947-4CAB-94D9-31BE1406EACC}"
EndProject
Project("{9A19103F-16F7-4668-BE54-9A1E7A4F7556}") = "XFTest", "XFTest\XFTest\XFTest\XFTest.csproj", "{5A7980A6-B761-440B-BBAC-A69B6D05098A}"
EndProject
Project("{FAE04EC0-301F-11D3-BF4B-00C04F79EFBC}") = "XFTest.Android", "XFTest\XFTest\XFTest.Android\XFTest.Android.csproj", "{09B631A3-F514-4674-B306-6037BC74681C}"
EndProject
Project("{FAE04EC0-301F-11D3-BF4B-00C04F79EFBC}") = "XFTest.iOS", "XFTest\XFTest\XFTest.iOS\XFTest.iOS.csproj", "{A881227E-ACB3-4F20-BBA1-95556F7AA620}"
EndProject
Project("{FAE04EC0-301F-11D3-BF4B-00C04F79EFBC}") = "XFTest.UWP", "XFTest\XFTest\XFTest.UWP\XFTest.UWP.csproj", "{EBE4D89E-BDF6-4A0F-9EB0-C14903976D5D}"
	ProjectSection(ProjectDependencies) = postProject
		{DDAD7F20-40BE-446C-BED1-E770DD7A0503} = {DDAD7F20-40BE-446C-BED1-E770DD7A0503}
	EndProjectSection
EndProject
Project("{2150E333-8FDC-42A3-9474-1A3956D46DE8}") = "Commons.Music.Midi", "Commons.Music.Midi", "{0C5D19E6-8851-4376-8418-507ED8AC0F19}"
EndProject
Project("{FAE04EC0-301F-11D3-BF4B-00C04F79EFBC}") = "Commons.Music.Midi.Wpf", "Commons.Music.Midi.Wpf\Commons.Music.Midi.Wpf.csproj", "{8E88DE4D-974D-4239-AD67-DE9560C30897}"
EndProject
Project("{FAE04EC0-301F-11D3-BF4B-00C04F79EFBC}") = "com.github.billthefarmer.mididriver", "com.github.billthefarmer.mididriver\com.github.billthefarmer.mididriver.csproj", "{6D276E6C-22CB-4D27-9783-22159E13A475}"
EndProject
Project("{FAE04EC0-301F-11D3-BF4B-00C04F79EFBC}") = "Commons.Music.Midi.Mac", "Commons.Music.Midi.Mac\Commons.Music.Midi.Mac.csproj", "{48CF93CC-9B9D-4114-AD87-09BF4AD475DD}"
EndProject
Project("{FAE04EC0-301F-11D3-BF4B-00C04F79EFBC}") = "XFTest.Mac", "XFTest\XFTest\XFTest.Mac\XFTest.Mac.csproj", "{40CE4BB9-0835-4DFA-8E5A-6E13909E9290}"
EndProject
Project("{D954291E-2A0B-460D-934E-DC6B0785DB48}") = "Commons.Music.Midi.AppleShared", "Commons.Music.Midi.Apple\Commons.Music.Midi.AppleShared.shproj", "{5BAFCDE7-9652-4EAB-814D-D16FE442F0AE}"
EndProject
Project("{FAE04EC0-301F-11D3-BF4B-00C04F79EFBC}") = "XFTest.WPF", "XFTest\XFTest.WPF\XFTest.WPF.csproj", "{3D06E5E0-01FE-41DB-9F81-5E04F085256E}"
EndProject
Global
	GlobalSection(SharedMSBuildProjectFiles) = preSolution
		Commons.Music.Midi.Apple\Commons.Music.Midi.Apple.projitems*{48cf93cc-9b9d-4114-ad87-09bf4ad475dd}*SharedItemsImports = 4
		Commons.Music.Midi.DesktopShared\Commons.Music.Midi.DesktopShared.projitems*{59eefb0d-3957-43fc-8272-c3b460f7ff84}*SharedItemsImports = 4
		Commons.Music.Midi.Apple\Commons.Music.Midi.Apple.projitems*{5bafcde7-9652-4eab-814d-d16fe442f0ae}*SharedItemsImports = 13
		Commons.Music.Midi.Apple\Commons.Music.Midi.Apple.projitems*{9ced7e33-d8eb-43b2-a903-9e5d63b34f23}*SharedItemsImports = 4
		Commons.Music.Midi.DesktopShared\Commons.Music.Midi.DesktopShared.projitems*{acb7f202-3b4c-4859-b9be-ade6b6726db0}*SharedItemsImports = 13
	EndGlobalSection
	GlobalSection(SolutionConfigurationPlatforms) = preSolution
		Debug|Any CPU = Debug|Any CPU
		Debug|ARM = Debug|ARM
		Debug|iPhone = Debug|iPhone
		Debug|iPhoneSimulator = Debug|iPhoneSimulator
		Debug|x64 = Debug|x64
		Debug|x86 = Debug|x86
		Release|Any CPU = Release|Any CPU
		Release|ARM = Release|ARM
		Release|iPhone = Release|iPhone
		Release|iPhoneSimulator = Release|iPhoneSimulator
		Release|x64 = Release|x64
		Release|x86 = Release|x86
	EndGlobalSection
	GlobalSection(ProjectConfigurationPlatforms) = postSolution
		{13B39050-0AC2-431F-82E2-5502357B2E61}.Debug|Any CPU.ActiveCfg = Debug|Any CPU
		{13B39050-0AC2-431F-82E2-5502357B2E61}.Debug|Any CPU.Build.0 = Debug|Any CPU
		{13B39050-0AC2-431F-82E2-5502357B2E61}.Debug|ARM.ActiveCfg = Debug|Any CPU
		{13B39050-0AC2-431F-82E2-5502357B2E61}.Debug|ARM.Build.0 = Debug|Any CPU
		{13B39050-0AC2-431F-82E2-5502357B2E61}.Debug|iPhone.ActiveCfg = Debug|Any CPU
		{13B39050-0AC2-431F-82E2-5502357B2E61}.Debug|iPhone.Build.0 = Debug|Any CPU
		{13B39050-0AC2-431F-82E2-5502357B2E61}.Debug|iPhoneSimulator.ActiveCfg = Debug|Any CPU
		{13B39050-0AC2-431F-82E2-5502357B2E61}.Debug|iPhoneSimulator.Build.0 = Debug|Any CPU
		{13B39050-0AC2-431F-82E2-5502357B2E61}.Debug|x64.ActiveCfg = Debug|Any CPU
		{13B39050-0AC2-431F-82E2-5502357B2E61}.Debug|x64.Build.0 = Debug|Any CPU
		{13B39050-0AC2-431F-82E2-5502357B2E61}.Debug|x86.ActiveCfg = Debug|Any CPU
		{13B39050-0AC2-431F-82E2-5502357B2E61}.Debug|x86.Build.0 = Debug|Any CPU
		{13B39050-0AC2-431F-82E2-5502357B2E61}.Release|Any CPU.ActiveCfg = Release|Any CPU
		{13B39050-0AC2-431F-82E2-5502357B2E61}.Release|Any CPU.Build.0 = Release|Any CPU
		{13B39050-0AC2-431F-82E2-5502357B2E61}.Release|ARM.ActiveCfg = Release|Any CPU
		{13B39050-0AC2-431F-82E2-5502357B2E61}.Release|ARM.Build.0 = Release|Any CPU
		{13B39050-0AC2-431F-82E2-5502357B2E61}.Release|iPhone.ActiveCfg = Release|Any CPU
		{13B39050-0AC2-431F-82E2-5502357B2E61}.Release|iPhone.Build.0 = Release|Any CPU
		{13B39050-0AC2-431F-82E2-5502357B2E61}.Release|iPhoneSimulator.ActiveCfg = Release|Any CPU
		{13B39050-0AC2-431F-82E2-5502357B2E61}.Release|iPhoneSimulator.Build.0 = Release|Any CPU
		{13B39050-0AC2-431F-82E2-5502357B2E61}.Release|x64.ActiveCfg = Release|Any CPU
		{13B39050-0AC2-431F-82E2-5502357B2E61}.Release|x64.Build.0 = Release|Any CPU
		{13B39050-0AC2-431F-82E2-5502357B2E61}.Release|x86.ActiveCfg = Release|Any CPU
		{13B39050-0AC2-431F-82E2-5502357B2E61}.Release|x86.Build.0 = Release|Any CPU
		{E9A90B6B-89CF-4469-88F9-6E04CBDD3BE0}.Debug|Any CPU.ActiveCfg = Debug|Any CPU
		{E9A90B6B-89CF-4469-88F9-6E04CBDD3BE0}.Debug|Any CPU.Build.0 = Debug|Any CPU
		{E9A90B6B-89CF-4469-88F9-6E04CBDD3BE0}.Debug|ARM.ActiveCfg = Debug|Any CPU
		{E9A90B6B-89CF-4469-88F9-6E04CBDD3BE0}.Debug|ARM.Build.0 = Debug|Any CPU
		{E9A90B6B-89CF-4469-88F9-6E04CBDD3BE0}.Debug|iPhone.ActiveCfg = Debug|Any CPU
		{E9A90B6B-89CF-4469-88F9-6E04CBDD3BE0}.Debug|iPhone.Build.0 = Debug|Any CPU
		{E9A90B6B-89CF-4469-88F9-6E04CBDD3BE0}.Debug|iPhoneSimulator.ActiveCfg = Debug|Any CPU
		{E9A90B6B-89CF-4469-88F9-6E04CBDD3BE0}.Debug|iPhoneSimulator.Build.0 = Debug|Any CPU
		{E9A90B6B-89CF-4469-88F9-6E04CBDD3BE0}.Debug|x64.ActiveCfg = Debug|Any CPU
		{E9A90B6B-89CF-4469-88F9-6E04CBDD3BE0}.Debug|x64.Build.0 = Debug|Any CPU
		{E9A90B6B-89CF-4469-88F9-6E04CBDD3BE0}.Debug|x86.ActiveCfg = Debug|Any CPU
		{E9A90B6B-89CF-4469-88F9-6E04CBDD3BE0}.Debug|x86.Build.0 = Debug|Any CPU
		{E9A90B6B-89CF-4469-88F9-6E04CBDD3BE0}.Release|Any CPU.ActiveCfg = Release|Any CPU
		{E9A90B6B-89CF-4469-88F9-6E04CBDD3BE0}.Release|Any CPU.Build.0 = Release|Any CPU
		{E9A90B6B-89CF-4469-88F9-6E04CBDD3BE0}.Release|ARM.ActiveCfg = Release|Any CPU
		{E9A90B6B-89CF-4469-88F9-6E04CBDD3BE0}.Release|ARM.Build.0 = Release|Any CPU
		{E9A90B6B-89CF-4469-88F9-6E04CBDD3BE0}.Release|iPhone.ActiveCfg = Release|Any CPU
		{E9A90B6B-89CF-4469-88F9-6E04CBDD3BE0}.Release|iPhone.Build.0 = Release|Any CPU
		{E9A90B6B-89CF-4469-88F9-6E04CBDD3BE0}.Release|iPhoneSimulator.ActiveCfg = Release|Any CPU
		{E9A90B6B-89CF-4469-88F9-6E04CBDD3BE0}.Release|iPhoneSimulator.Build.0 = Release|Any CPU
		{E9A90B6B-89CF-4469-88F9-6E04CBDD3BE0}.Release|x64.ActiveCfg = Release|Any CPU
		{E9A90B6B-89CF-4469-88F9-6E04CBDD3BE0}.Release|x64.Build.0 = Release|Any CPU
		{E9A90B6B-89CF-4469-88F9-6E04CBDD3BE0}.Release|x86.ActiveCfg = Release|Any CPU
		{E9A90B6B-89CF-4469-88F9-6E04CBDD3BE0}.Release|x86.Build.0 = Release|Any CPU
		{1E071EA9-ED3E-452E-9688-DE1ABABA2293}.Debug|Any CPU.ActiveCfg = Debug|Any CPU
		{1E071EA9-ED3E-452E-9688-DE1ABABA2293}.Debug|Any CPU.Build.0 = Debug|Any CPU
		{1E071EA9-ED3E-452E-9688-DE1ABABA2293}.Debug|ARM.ActiveCfg = Debug|Any CPU
		{1E071EA9-ED3E-452E-9688-DE1ABABA2293}.Debug|ARM.Build.0 = Debug|Any CPU
		{1E071EA9-ED3E-452E-9688-DE1ABABA2293}.Debug|iPhone.ActiveCfg = Debug|Any CPU
		{1E071EA9-ED3E-452E-9688-DE1ABABA2293}.Debug|iPhone.Build.0 = Debug|Any CPU
		{1E071EA9-ED3E-452E-9688-DE1ABABA2293}.Debug|iPhoneSimulator.ActiveCfg = Debug|Any CPU
		{1E071EA9-ED3E-452E-9688-DE1ABABA2293}.Debug|iPhoneSimulator.Build.0 = Debug|Any CPU
		{1E071EA9-ED3E-452E-9688-DE1ABABA2293}.Debug|x64.ActiveCfg = Debug|Any CPU
		{1E071EA9-ED3E-452E-9688-DE1ABABA2293}.Debug|x64.Build.0 = Debug|Any CPU
		{1E071EA9-ED3E-452E-9688-DE1ABABA2293}.Debug|x86.ActiveCfg = Debug|Any CPU
		{1E071EA9-ED3E-452E-9688-DE1ABABA2293}.Debug|x86.Build.0 = Debug|Any CPU
		{1E071EA9-ED3E-452E-9688-DE1ABABA2293}.Release|Any CPU.ActiveCfg = Release|Any CPU
		{1E071EA9-ED3E-452E-9688-DE1ABABA2293}.Release|Any CPU.Build.0 = Release|Any CPU
		{1E071EA9-ED3E-452E-9688-DE1ABABA2293}.Release|ARM.ActiveCfg = Release|Any CPU
		{1E071EA9-ED3E-452E-9688-DE1ABABA2293}.Release|ARM.Build.0 = Release|Any CPU
		{1E071EA9-ED3E-452E-9688-DE1ABABA2293}.Release|iPhone.ActiveCfg = Release|Any CPU
		{1E071EA9-ED3E-452E-9688-DE1ABABA2293}.Release|iPhone.Build.0 = Release|Any CPU
		{1E071EA9-ED3E-452E-9688-DE1ABABA2293}.Release|iPhoneSimulator.ActiveCfg = Release|Any CPU
		{1E071EA9-ED3E-452E-9688-DE1ABABA2293}.Release|iPhoneSimulator.Build.0 = Release|Any CPU
		{1E071EA9-ED3E-452E-9688-DE1ABABA2293}.Release|x64.ActiveCfg = Release|Any CPU
		{1E071EA9-ED3E-452E-9688-DE1ABABA2293}.Release|x64.Build.0 = Release|Any CPU
		{1E071EA9-ED3E-452E-9688-DE1ABABA2293}.Release|x86.ActiveCfg = Release|Any CPU
		{1E071EA9-ED3E-452E-9688-DE1ABABA2293}.Release|x86.Build.0 = Release|Any CPU
		{59EEFB0D-3957-43FC-8272-C3B460F7FF84}.Debug|Any CPU.ActiveCfg = Debug|Any CPU
		{59EEFB0D-3957-43FC-8272-C3B460F7FF84}.Debug|Any CPU.Build.0 = Debug|Any CPU
		{59EEFB0D-3957-43FC-8272-C3B460F7FF84}.Debug|ARM.ActiveCfg = Debug|Any CPU
		{59EEFB0D-3957-43FC-8272-C3B460F7FF84}.Debug|ARM.Build.0 = Debug|Any CPU
		{59EEFB0D-3957-43FC-8272-C3B460F7FF84}.Debug|iPhone.ActiveCfg = Debug|Any CPU
		{59EEFB0D-3957-43FC-8272-C3B460F7FF84}.Debug|iPhone.Build.0 = Debug|Any CPU
		{59EEFB0D-3957-43FC-8272-C3B460F7FF84}.Debug|iPhoneSimulator.ActiveCfg = Debug|Any CPU
		{59EEFB0D-3957-43FC-8272-C3B460F7FF84}.Debug|iPhoneSimulator.Build.0 = Debug|Any CPU
		{59EEFB0D-3957-43FC-8272-C3B460F7FF84}.Debug|x64.ActiveCfg = Debug|Any CPU
		{59EEFB0D-3957-43FC-8272-C3B460F7FF84}.Debug|x64.Build.0 = Debug|Any CPU
		{59EEFB0D-3957-43FC-8272-C3B460F7FF84}.Debug|x86.ActiveCfg = Debug|Any CPU
		{59EEFB0D-3957-43FC-8272-C3B460F7FF84}.Debug|x86.Build.0 = Debug|Any CPU
		{59EEFB0D-3957-43FC-8272-C3B460F7FF84}.Release|Any CPU.ActiveCfg = Release|Any CPU
		{59EEFB0D-3957-43FC-8272-C3B460F7FF84}.Release|Any CPU.Build.0 = Release|Any CPU
		{59EEFB0D-3957-43FC-8272-C3B460F7FF84}.Release|ARM.ActiveCfg = Release|Any CPU
		{59EEFB0D-3957-43FC-8272-C3B460F7FF84}.Release|ARM.Build.0 = Release|Any CPU
		{59EEFB0D-3957-43FC-8272-C3B460F7FF84}.Release|iPhone.ActiveCfg = Release|Any CPU
		{59EEFB0D-3957-43FC-8272-C3B460F7FF84}.Release|iPhone.Build.0 = Release|Any CPU
		{59EEFB0D-3957-43FC-8272-C3B460F7FF84}.Release|iPhoneSimulator.ActiveCfg = Release|Any CPU
		{59EEFB0D-3957-43FC-8272-C3B460F7FF84}.Release|iPhoneSimulator.Build.0 = Release|Any CPU
		{59EEFB0D-3957-43FC-8272-C3B460F7FF84}.Release|x64.ActiveCfg = Release|Any CPU
		{59EEFB0D-3957-43FC-8272-C3B460F7FF84}.Release|x64.Build.0 = Release|Any CPU
		{59EEFB0D-3957-43FC-8272-C3B460F7FF84}.Release|x86.ActiveCfg = Release|Any CPU
		{59EEFB0D-3957-43FC-8272-C3B460F7FF84}.Release|x86.Build.0 = Release|Any CPU
		{DDAD7F20-40BE-446C-BED1-E770DD7A0503}.Debug|Any CPU.ActiveCfg = Debug|Any CPU
		{DDAD7F20-40BE-446C-BED1-E770DD7A0503}.Debug|Any CPU.Build.0 = Debug|Any CPU
		{DDAD7F20-40BE-446C-BED1-E770DD7A0503}.Debug|ARM.ActiveCfg = Debug|ARM
		{DDAD7F20-40BE-446C-BED1-E770DD7A0503}.Debug|ARM.Build.0 = Debug|ARM
		{DDAD7F20-40BE-446C-BED1-E770DD7A0503}.Debug|iPhone.ActiveCfg = Debug|Any CPU
		{DDAD7F20-40BE-446C-BED1-E770DD7A0503}.Debug|iPhone.Build.0 = Debug|Any CPU
		{DDAD7F20-40BE-446C-BED1-E770DD7A0503}.Debug|iPhoneSimulator.ActiveCfg = Debug|Any CPU
		{DDAD7F20-40BE-446C-BED1-E770DD7A0503}.Debug|iPhoneSimulator.Build.0 = Debug|Any CPU
		{DDAD7F20-40BE-446C-BED1-E770DD7A0503}.Debug|x64.ActiveCfg = Debug|x64
		{DDAD7F20-40BE-446C-BED1-E770DD7A0503}.Debug|x64.Build.0 = Debug|x64
		{DDAD7F20-40BE-446C-BED1-E770DD7A0503}.Debug|x86.ActiveCfg = Debug|x86
		{DDAD7F20-40BE-446C-BED1-E770DD7A0503}.Debug|x86.Build.0 = Debug|x86
		{DDAD7F20-40BE-446C-BED1-E770DD7A0503}.Release|Any CPU.ActiveCfg = Release|Any CPU
		{DDAD7F20-40BE-446C-BED1-E770DD7A0503}.Release|Any CPU.Build.0 = Release|Any CPU
		{DDAD7F20-40BE-446C-BED1-E770DD7A0503}.Release|ARM.ActiveCfg = Release|ARM
		{DDAD7F20-40BE-446C-BED1-E770DD7A0503}.Release|ARM.Build.0 = Release|ARM
		{DDAD7F20-40BE-446C-BED1-E770DD7A0503}.Release|iPhone.ActiveCfg = Release|Any CPU
		{DDAD7F20-40BE-446C-BED1-E770DD7A0503}.Release|iPhone.Build.0 = Release|Any CPU
		{DDAD7F20-40BE-446C-BED1-E770DD7A0503}.Release|iPhoneSimulator.ActiveCfg = Release|Any CPU
		{DDAD7F20-40BE-446C-BED1-E770DD7A0503}.Release|iPhoneSimulator.Build.0 = Release|Any CPU
		{DDAD7F20-40BE-446C-BED1-E770DD7A0503}.Release|x64.ActiveCfg = Release|x64
		{DDAD7F20-40BE-446C-BED1-E770DD7A0503}.Release|x64.Build.0 = Release|x64
		{DDAD7F20-40BE-446C-BED1-E770DD7A0503}.Release|x86.ActiveCfg = Release|x86
		{DDAD7F20-40BE-446C-BED1-E770DD7A0503}.Release|x86.Build.0 = Release|x86
		{8C6AF32A-3692-43B3-A907-9395564DB067}.Debug|Any CPU.ActiveCfg = Debug|Any CPU
		{8C6AF32A-3692-43B3-A907-9395564DB067}.Debug|Any CPU.Build.0 = Debug|Any CPU
		{8C6AF32A-3692-43B3-A907-9395564DB067}.Debug|ARM.ActiveCfg = Debug|Any CPU
		{8C6AF32A-3692-43B3-A907-9395564DB067}.Debug|ARM.Build.0 = Debug|Any CPU
		{8C6AF32A-3692-43B3-A907-9395564DB067}.Debug|iPhone.ActiveCfg = Debug|Any CPU
		{8C6AF32A-3692-43B3-A907-9395564DB067}.Debug|iPhone.Build.0 = Debug|Any CPU
		{8C6AF32A-3692-43B3-A907-9395564DB067}.Debug|iPhoneSimulator.ActiveCfg = Debug|Any CPU
		{8C6AF32A-3692-43B3-A907-9395564DB067}.Debug|iPhoneSimulator.Build.0 = Debug|Any CPU
		{8C6AF32A-3692-43B3-A907-9395564DB067}.Debug|x64.ActiveCfg = Debug|Any CPU
		{8C6AF32A-3692-43B3-A907-9395564DB067}.Debug|x64.Build.0 = Debug|Any CPU
		{8C6AF32A-3692-43B3-A907-9395564DB067}.Debug|x86.ActiveCfg = Debug|Any CPU
		{8C6AF32A-3692-43B3-A907-9395564DB067}.Debug|x86.Build.0 = Debug|Any CPU
		{8C6AF32A-3692-43B3-A907-9395564DB067}.Release|Any CPU.ActiveCfg = Release|Any CPU
		{8C6AF32A-3692-43B3-A907-9395564DB067}.Release|Any CPU.Build.0 = Release|Any CPU
		{8C6AF32A-3692-43B3-A907-9395564DB067}.Release|ARM.ActiveCfg = Release|Any CPU
		{8C6AF32A-3692-43B3-A907-9395564DB067}.Release|ARM.Build.0 = Release|Any CPU
		{8C6AF32A-3692-43B3-A907-9395564DB067}.Release|iPhone.ActiveCfg = Release|Any CPU
		{8C6AF32A-3692-43B3-A907-9395564DB067}.Release|iPhone.Build.0 = Release|Any CPU
		{8C6AF32A-3692-43B3-A907-9395564DB067}.Release|iPhoneSimulator.ActiveCfg = Release|Any CPU
		{8C6AF32A-3692-43B3-A907-9395564DB067}.Release|iPhoneSimulator.Build.0 = Release|Any CPU
		{8C6AF32A-3692-43B3-A907-9395564DB067}.Release|x64.ActiveCfg = Release|Any CPU
		{8C6AF32A-3692-43B3-A907-9395564DB067}.Release|x64.Build.0 = Release|Any CPU
		{8C6AF32A-3692-43B3-A907-9395564DB067}.Release|x86.ActiveCfg = Release|Any CPU
		{8C6AF32A-3692-43B3-A907-9395564DB067}.Release|x86.Build.0 = Release|Any CPU
		{9CED7E33-D8EB-43B2-A903-9E5D63B34F23}.Debug|Any CPU.ActiveCfg = Debug|Any CPU
		{9CED7E33-D8EB-43B2-A903-9E5D63B34F23}.Debug|Any CPU.Build.0 = Debug|Any CPU
		{9CED7E33-D8EB-43B2-A903-9E5D63B34F23}.Debug|ARM.ActiveCfg = Debug|Any CPU
		{9CED7E33-D8EB-43B2-A903-9E5D63B34F23}.Debug|ARM.Build.0 = Debug|Any CPU
		{9CED7E33-D8EB-43B2-A903-9E5D63B34F23}.Debug|iPhone.ActiveCfg = Debug|Any CPU
		{9CED7E33-D8EB-43B2-A903-9E5D63B34F23}.Debug|iPhone.Build.0 = Debug|Any CPU
		{9CED7E33-D8EB-43B2-A903-9E5D63B34F23}.Debug|iPhoneSimulator.ActiveCfg = Debug|Any CPU
		{9CED7E33-D8EB-43B2-A903-9E5D63B34F23}.Debug|iPhoneSimulator.Build.0 = Debug|Any CPU
		{9CED7E33-D8EB-43B2-A903-9E5D63B34F23}.Debug|x64.ActiveCfg = Debug|Any CPU
		{9CED7E33-D8EB-43B2-A903-9E5D63B34F23}.Debug|x64.Build.0 = Debug|Any CPU
		{9CED7E33-D8EB-43B2-A903-9E5D63B34F23}.Debug|x86.ActiveCfg = Debug|Any CPU
		{9CED7E33-D8EB-43B2-A903-9E5D63B34F23}.Debug|x86.Build.0 = Debug|Any CPU
		{9CED7E33-D8EB-43B2-A903-9E5D63B34F23}.Release|Any CPU.ActiveCfg = Release|Any CPU
		{9CED7E33-D8EB-43B2-A903-9E5D63B34F23}.Release|Any CPU.Build.0 = Release|Any CPU
		{9CED7E33-D8EB-43B2-A903-9E5D63B34F23}.Release|ARM.ActiveCfg = Release|Any CPU
		{9CED7E33-D8EB-43B2-A903-9E5D63B34F23}.Release|ARM.Build.0 = Release|Any CPU
		{9CED7E33-D8EB-43B2-A903-9E5D63B34F23}.Release|iPhone.ActiveCfg = Release|Any CPU
		{9CED7E33-D8EB-43B2-A903-9E5D63B34F23}.Release|iPhone.Build.0 = Release|Any CPU
		{9CED7E33-D8EB-43B2-A903-9E5D63B34F23}.Release|iPhoneSimulator.ActiveCfg = Release|Any CPU
		{9CED7E33-D8EB-43B2-A903-9E5D63B34F23}.Release|iPhoneSimulator.Build.0 = Release|Any CPU
		{9CED7E33-D8EB-43B2-A903-9E5D63B34F23}.Release|x64.ActiveCfg = Release|Any CPU
		{9CED7E33-D8EB-43B2-A903-9E5D63B34F23}.Release|x64.Build.0 = Release|Any CPU
		{9CED7E33-D8EB-43B2-A903-9E5D63B34F23}.Release|x86.ActiveCfg = Release|Any CPU
		{9CED7E33-D8EB-43B2-A903-9E5D63B34F23}.Release|x86.Build.0 = Release|Any CPU
		{32173104-2069-44A7-B347-EEA6609A1E7B}.Debug|Any CPU.ActiveCfg = Debug|Any CPU
		{32173104-2069-44A7-B347-EEA6609A1E7B}.Debug|Any CPU.Build.0 = Debug|Any CPU
		{32173104-2069-44A7-B347-EEA6609A1E7B}.Debug|ARM.ActiveCfg = Debug|Any CPU
		{32173104-2069-44A7-B347-EEA6609A1E7B}.Debug|ARM.Build.0 = Debug|Any CPU
		{32173104-2069-44A7-B347-EEA6609A1E7B}.Debug|iPhone.ActiveCfg = Debug|Any CPU
		{32173104-2069-44A7-B347-EEA6609A1E7B}.Debug|iPhone.Build.0 = Debug|Any CPU
		{32173104-2069-44A7-B347-EEA6609A1E7B}.Debug|iPhoneSimulator.ActiveCfg = Debug|Any CPU
		{32173104-2069-44A7-B347-EEA6609A1E7B}.Debug|iPhoneSimulator.Build.0 = Debug|Any CPU
		{32173104-2069-44A7-B347-EEA6609A1E7B}.Debug|x64.ActiveCfg = Debug|Any CPU
		{32173104-2069-44A7-B347-EEA6609A1E7B}.Debug|x64.Build.0 = Debug|Any CPU
		{32173104-2069-44A7-B347-EEA6609A1E7B}.Debug|x86.ActiveCfg = Debug|Any CPU
		{32173104-2069-44A7-B347-EEA6609A1E7B}.Debug|x86.Build.0 = Debug|Any CPU
		{32173104-2069-44A7-B347-EEA6609A1E7B}.Release|Any CPU.ActiveCfg = Release|Any CPU
		{32173104-2069-44A7-B347-EEA6609A1E7B}.Release|Any CPU.Build.0 = Release|Any CPU
		{32173104-2069-44A7-B347-EEA6609A1E7B}.Release|ARM.ActiveCfg = Release|Any CPU
		{32173104-2069-44A7-B347-EEA6609A1E7B}.Release|ARM.Build.0 = Release|Any CPU
		{32173104-2069-44A7-B347-EEA6609A1E7B}.Release|iPhone.ActiveCfg = Release|Any CPU
		{32173104-2069-44A7-B347-EEA6609A1E7B}.Release|iPhone.Build.0 = Release|Any CPU
		{32173104-2069-44A7-B347-EEA6609A1E7B}.Release|iPhoneSimulator.ActiveCfg = Release|Any CPU
		{32173104-2069-44A7-B347-EEA6609A1E7B}.Release|iPhoneSimulator.Build.0 = Release|Any CPU
		{32173104-2069-44A7-B347-EEA6609A1E7B}.Release|x64.ActiveCfg = Release|Any CPU
		{32173104-2069-44A7-B347-EEA6609A1E7B}.Release|x64.Build.0 = Release|Any CPU
		{32173104-2069-44A7-B347-EEA6609A1E7B}.Release|x86.ActiveCfg = Release|Any CPU
		{32173104-2069-44A7-B347-EEA6609A1E7B}.Release|x86.Build.0 = Release|Any CPU
		{7D9A799C-7724-4787-9F6D-61A76DC49F1F}.Debug|Any CPU.ActiveCfg = Debug|Any CPU
		{7D9A799C-7724-4787-9F6D-61A76DC49F1F}.Debug|Any CPU.Build.0 = Debug|Any CPU
		{7D9A799C-7724-4787-9F6D-61A76DC49F1F}.Debug|ARM.ActiveCfg = Debug|Any CPU
		{7D9A799C-7724-4787-9F6D-61A76DC49F1F}.Debug|ARM.Build.0 = Debug|Any CPU
		{7D9A799C-7724-4787-9F6D-61A76DC49F1F}.Debug|iPhone.ActiveCfg = Debug|Any CPU
		{7D9A799C-7724-4787-9F6D-61A76DC49F1F}.Debug|iPhone.Build.0 = Debug|Any CPU
		{7D9A799C-7724-4787-9F6D-61A76DC49F1F}.Debug|iPhoneSimulator.ActiveCfg = Debug|Any CPU
		{7D9A799C-7724-4787-9F6D-61A76DC49F1F}.Debug|iPhoneSimulator.Build.0 = Debug|Any CPU
		{7D9A799C-7724-4787-9F6D-61A76DC49F1F}.Debug|x64.ActiveCfg = Debug|Any CPU
		{7D9A799C-7724-4787-9F6D-61A76DC49F1F}.Debug|x64.Build.0 = Debug|Any CPU
		{7D9A799C-7724-4787-9F6D-61A76DC49F1F}.Debug|x86.ActiveCfg = Debug|Any CPU
		{7D9A799C-7724-4787-9F6D-61A76DC49F1F}.Debug|x86.Build.0 = Debug|Any CPU
		{7D9A799C-7724-4787-9F6D-61A76DC49F1F}.Release|Any CPU.ActiveCfg = Release|Any CPU
		{7D9A799C-7724-4787-9F6D-61A76DC49F1F}.Release|Any CPU.Build.0 = Release|Any CPU
		{7D9A799C-7724-4787-9F6D-61A76DC49F1F}.Release|ARM.ActiveCfg = Release|Any CPU
		{7D9A799C-7724-4787-9F6D-61A76DC49F1F}.Release|ARM.Build.0 = Release|Any CPU
		{7D9A799C-7724-4787-9F6D-61A76DC49F1F}.Release|iPhone.ActiveCfg = Release|Any CPU
		{7D9A799C-7724-4787-9F6D-61A76DC49F1F}.Release|iPhone.Build.0 = Release|Any CPU
		{7D9A799C-7724-4787-9F6D-61A76DC49F1F}.Release|iPhoneSimulator.ActiveCfg = Release|Any CPU
		{7D9A799C-7724-4787-9F6D-61A76DC49F1F}.Release|iPhoneSimulator.Build.0 = Release|Any CPU
		{7D9A799C-7724-4787-9F6D-61A76DC49F1F}.Release|x64.ActiveCfg = Release|Any CPU
		{7D9A799C-7724-4787-9F6D-61A76DC49F1F}.Release|x64.Build.0 = Release|Any CPU
		{7D9A799C-7724-4787-9F6D-61A76DC49F1F}.Release|x86.ActiveCfg = Release|Any CPU
		{7D9A799C-7724-4787-9F6D-61A76DC49F1F}.Release|x86.Build.0 = Release|Any CPU
		{4C7D511E-EE5D-4F88-9CAA-A68DAFA19132}.Debug|Any CPU.ActiveCfg = Debug|Any CPU
		{4C7D511E-EE5D-4F88-9CAA-A68DAFA19132}.Debug|Any CPU.Build.0 = Debug|Any CPU
		{4C7D511E-EE5D-4F88-9CAA-A68DAFA19132}.Debug|ARM.ActiveCfg = Debug|Any CPU
		{4C7D511E-EE5D-4F88-9CAA-A68DAFA19132}.Debug|ARM.Build.0 = Debug|Any CPU
		{4C7D511E-EE5D-4F88-9CAA-A68DAFA19132}.Debug|iPhone.ActiveCfg = Debug|Any CPU
		{4C7D511E-EE5D-4F88-9CAA-A68DAFA19132}.Debug|iPhone.Build.0 = Debug|Any CPU
		{4C7D511E-EE5D-4F88-9CAA-A68DAFA19132}.Debug|iPhoneSimulator.ActiveCfg = Debug|Any CPU
		{4C7D511E-EE5D-4F88-9CAA-A68DAFA19132}.Debug|iPhoneSimulator.Build.0 = Debug|Any CPU
		{4C7D511E-EE5D-4F88-9CAA-A68DAFA19132}.Debug|x64.ActiveCfg = Debug|Any CPU
		{4C7D511E-EE5D-4F88-9CAA-A68DAFA19132}.Debug|x64.Build.0 = Debug|Any CPU
		{4C7D511E-EE5D-4F88-9CAA-A68DAFA19132}.Debug|x86.ActiveCfg = Debug|Any CPU
		{4C7D511E-EE5D-4F88-9CAA-A68DAFA19132}.Debug|x86.Build.0 = Debug|Any CPU
		{4C7D511E-EE5D-4F88-9CAA-A68DAFA19132}.Release|Any CPU.ActiveCfg = Release|Any CPU
		{4C7D511E-EE5D-4F88-9CAA-A68DAFA19132}.Release|Any CPU.Build.0 = Release|Any CPU
		{4C7D511E-EE5D-4F88-9CAA-A68DAFA19132}.Release|ARM.ActiveCfg = Release|Any CPU
		{4C7D511E-EE5D-4F88-9CAA-A68DAFA19132}.Release|ARM.Build.0 = Release|Any CPU
		{4C7D511E-EE5D-4F88-9CAA-A68DAFA19132}.Release|iPhone.ActiveCfg = Release|Any CPU
		{4C7D511E-EE5D-4F88-9CAA-A68DAFA19132}.Release|iPhone.Build.0 = Release|Any CPU
		{4C7D511E-EE5D-4F88-9CAA-A68DAFA19132}.Release|iPhoneSimulator.ActiveCfg = Release|Any CPU
		{4C7D511E-EE5D-4F88-9CAA-A68DAFA19132}.Release|iPhoneSimulator.Build.0 = Release|Any CPU
		{4C7D511E-EE5D-4F88-9CAA-A68DAFA19132}.Release|x64.ActiveCfg = Release|Any CPU
		{4C7D511E-EE5D-4F88-9CAA-A68DAFA19132}.Release|x64.Build.0 = Release|Any CPU
		{4C7D511E-EE5D-4F88-9CAA-A68DAFA19132}.Release|x86.ActiveCfg = Release|Any CPU
		{4C7D511E-EE5D-4F88-9CAA-A68DAFA19132}.Release|x86.Build.0 = Release|Any CPU
		{5A7980A6-B761-440B-BBAC-A69B6D05098A}.Debug|Any CPU.ActiveCfg = Debug|Any CPU
		{5A7980A6-B761-440B-BBAC-A69B6D05098A}.Debug|Any CPU.Build.0 = Debug|Any CPU
		{5A7980A6-B761-440B-BBAC-A69B6D05098A}.Debug|ARM.ActiveCfg = Debug|Any CPU
		{5A7980A6-B761-440B-BBAC-A69B6D05098A}.Debug|ARM.Build.0 = Debug|Any CPU
		{5A7980A6-B761-440B-BBAC-A69B6D05098A}.Debug|iPhone.ActiveCfg = Debug|Any CPU
		{5A7980A6-B761-440B-BBAC-A69B6D05098A}.Debug|iPhone.Build.0 = Debug|Any CPU
		{5A7980A6-B761-440B-BBAC-A69B6D05098A}.Debug|iPhoneSimulator.ActiveCfg = Debug|Any CPU
		{5A7980A6-B761-440B-BBAC-A69B6D05098A}.Debug|iPhoneSimulator.Build.0 = Debug|Any CPU
		{5A7980A6-B761-440B-BBAC-A69B6D05098A}.Debug|x64.ActiveCfg = Debug|Any CPU
		{5A7980A6-B761-440B-BBAC-A69B6D05098A}.Debug|x64.Build.0 = Debug|Any CPU
		{5A7980A6-B761-440B-BBAC-A69B6D05098A}.Debug|x86.ActiveCfg = Debug|Any CPU
		{5A7980A6-B761-440B-BBAC-A69B6D05098A}.Debug|x86.Build.0 = Debug|Any CPU
		{5A7980A6-B761-440B-BBAC-A69B6D05098A}.Release|Any CPU.ActiveCfg = Release|Any CPU
		{5A7980A6-B761-440B-BBAC-A69B6D05098A}.Release|Any CPU.Build.0 = Release|Any CPU
		{5A7980A6-B761-440B-BBAC-A69B6D05098A}.Release|ARM.ActiveCfg = Release|Any CPU
		{5A7980A6-B761-440B-BBAC-A69B6D05098A}.Release|ARM.Build.0 = Release|Any CPU
		{5A7980A6-B761-440B-BBAC-A69B6D05098A}.Release|iPhone.ActiveCfg = Release|Any CPU
		{5A7980A6-B761-440B-BBAC-A69B6D05098A}.Release|iPhone.Build.0 = Release|Any CPU
		{5A7980A6-B761-440B-BBAC-A69B6D05098A}.Release|iPhoneSimulator.ActiveCfg = Release|Any CPU
		{5A7980A6-B761-440B-BBAC-A69B6D05098A}.Release|iPhoneSimulator.Build.0 = Release|Any CPU
		{5A7980A6-B761-440B-BBAC-A69B6D05098A}.Release|x64.ActiveCfg = Release|Any CPU
		{5A7980A6-B761-440B-BBAC-A69B6D05098A}.Release|x64.Build.0 = Release|Any CPU
		{5A7980A6-B761-440B-BBAC-A69B6D05098A}.Release|x86.ActiveCfg = Release|Any CPU
		{5A7980A6-B761-440B-BBAC-A69B6D05098A}.Release|x86.Build.0 = Release|Any CPU
		{09B631A3-F514-4674-B306-6037BC74681C}.Debug|Any CPU.ActiveCfg = Debug|Any CPU
		{09B631A3-F514-4674-B306-6037BC74681C}.Debug|Any CPU.Build.0 = Debug|Any CPU
		{09B631A3-F514-4674-B306-6037BC74681C}.Debug|Any CPU.Deploy.0 = Debug|Any CPU
		{09B631A3-F514-4674-B306-6037BC74681C}.Debug|ARM.ActiveCfg = Debug|Any CPU
		{09B631A3-F514-4674-B306-6037BC74681C}.Debug|ARM.Build.0 = Debug|Any CPU
		{09B631A3-F514-4674-B306-6037BC74681C}.Debug|ARM.Deploy.0 = Debug|Any CPU
		{09B631A3-F514-4674-B306-6037BC74681C}.Debug|iPhone.ActiveCfg = Debug|Any CPU
		{09B631A3-F514-4674-B306-6037BC74681C}.Debug|iPhone.Build.0 = Debug|Any CPU
		{09B631A3-F514-4674-B306-6037BC74681C}.Debug|iPhone.Deploy.0 = Debug|Any CPU
		{09B631A3-F514-4674-B306-6037BC74681C}.Debug|iPhoneSimulator.ActiveCfg = Debug|Any CPU
		{09B631A3-F514-4674-B306-6037BC74681C}.Debug|iPhoneSimulator.Build.0 = Debug|Any CPU
		{09B631A3-F514-4674-B306-6037BC74681C}.Debug|iPhoneSimulator.Deploy.0 = Debug|Any CPU
		{09B631A3-F514-4674-B306-6037BC74681C}.Debug|x64.ActiveCfg = Debug|Any CPU
		{09B631A3-F514-4674-B306-6037BC74681C}.Debug|x64.Build.0 = Debug|Any CPU
		{09B631A3-F514-4674-B306-6037BC74681C}.Debug|x64.Deploy.0 = Debug|Any CPU
		{09B631A3-F514-4674-B306-6037BC74681C}.Debug|x86.ActiveCfg = Debug|Any CPU
		{09B631A3-F514-4674-B306-6037BC74681C}.Debug|x86.Build.0 = Debug|Any CPU
		{09B631A3-F514-4674-B306-6037BC74681C}.Debug|x86.Deploy.0 = Debug|Any CPU
		{09B631A3-F514-4674-B306-6037BC74681C}.Release|Any CPU.ActiveCfg = Release|Any CPU
		{09B631A3-F514-4674-B306-6037BC74681C}.Release|Any CPU.Build.0 = Release|Any CPU
		{09B631A3-F514-4674-B306-6037BC74681C}.Release|Any CPU.Deploy.0 = Release|Any CPU
		{09B631A3-F514-4674-B306-6037BC74681C}.Release|ARM.ActiveCfg = Release|Any CPU
		{09B631A3-F514-4674-B306-6037BC74681C}.Release|ARM.Build.0 = Release|Any CPU
		{09B631A3-F514-4674-B306-6037BC74681C}.Release|ARM.Deploy.0 = Release|Any CPU
		{09B631A3-F514-4674-B306-6037BC74681C}.Release|iPhone.ActiveCfg = Release|Any CPU
		{09B631A3-F514-4674-B306-6037BC74681C}.Release|iPhone.Build.0 = Release|Any CPU
		{09B631A3-F514-4674-B306-6037BC74681C}.Release|iPhone.Deploy.0 = Release|Any CPU
		{09B631A3-F514-4674-B306-6037BC74681C}.Release|iPhoneSimulator.ActiveCfg = Release|Any CPU
		{09B631A3-F514-4674-B306-6037BC74681C}.Release|iPhoneSimulator.Build.0 = Release|Any CPU
		{09B631A3-F514-4674-B306-6037BC74681C}.Release|iPhoneSimulator.Deploy.0 = Release|Any CPU
		{09B631A3-F514-4674-B306-6037BC74681C}.Release|x64.ActiveCfg = Release|Any CPU
		{09B631A3-F514-4674-B306-6037BC74681C}.Release|x64.Build.0 = Release|Any CPU
		{09B631A3-F514-4674-B306-6037BC74681C}.Release|x64.Deploy.0 = Release|Any CPU
		{09B631A3-F514-4674-B306-6037BC74681C}.Release|x86.ActiveCfg = Release|Any CPU
		{09B631A3-F514-4674-B306-6037BC74681C}.Release|x86.Build.0 = Release|Any CPU
		{09B631A3-F514-4674-B306-6037BC74681C}.Release|x86.Deploy.0 = Release|Any CPU
		{A881227E-ACB3-4F20-BBA1-95556F7AA620}.Debug|Any CPU.ActiveCfg = Debug|iPhone
		{A881227E-ACB3-4F20-BBA1-95556F7AA620}.Debug|ARM.ActiveCfg = Debug|iPhone
		{A881227E-ACB3-4F20-BBA1-95556F7AA620}.Debug|iPhone.ActiveCfg = Debug|iPhone
		{A881227E-ACB3-4F20-BBA1-95556F7AA620}.Debug|iPhone.Build.0 = Debug|iPhone
		{A881227E-ACB3-4F20-BBA1-95556F7AA620}.Debug|iPhoneSimulator.ActiveCfg = Debug|iPhoneSimulator
		{A881227E-ACB3-4F20-BBA1-95556F7AA620}.Debug|iPhoneSimulator.Build.0 = Debug|iPhoneSimulator
		{A881227E-ACB3-4F20-BBA1-95556F7AA620}.Debug|x64.ActiveCfg = Debug|iPhone
		{A881227E-ACB3-4F20-BBA1-95556F7AA620}.Debug|x86.ActiveCfg = Debug|iPhone
		{A881227E-ACB3-4F20-BBA1-95556F7AA620}.Release|Any CPU.ActiveCfg = Release|iPhone
		{A881227E-ACB3-4F20-BBA1-95556F7AA620}.Release|ARM.ActiveCfg = Release|iPhone
		{A881227E-ACB3-4F20-BBA1-95556F7AA620}.Release|iPhone.ActiveCfg = Release|iPhone
		{A881227E-ACB3-4F20-BBA1-95556F7AA620}.Release|iPhone.Build.0 = Release|iPhone
		{A881227E-ACB3-4F20-BBA1-95556F7AA620}.Release|iPhoneSimulator.ActiveCfg = Release|iPhoneSimulator
		{A881227E-ACB3-4F20-BBA1-95556F7AA620}.Release|iPhoneSimulator.Build.0 = Release|iPhoneSimulator
		{A881227E-ACB3-4F20-BBA1-95556F7AA620}.Release|x64.ActiveCfg = Release|iPhone
		{A881227E-ACB3-4F20-BBA1-95556F7AA620}.Release|x86.ActiveCfg = Release|iPhone
		{EBE4D89E-BDF6-4A0F-9EB0-C14903976D5D}.Debug|Any CPU.ActiveCfg = Debug|x86
		{EBE4D89E-BDF6-4A0F-9EB0-C14903976D5D}.Debug|ARM.ActiveCfg = Debug|ARM
		{EBE4D89E-BDF6-4A0F-9EB0-C14903976D5D}.Debug|ARM.Build.0 = Debug|ARM
		{EBE4D89E-BDF6-4A0F-9EB0-C14903976D5D}.Debug|ARM.Deploy.0 = Debug|ARM
		{EBE4D89E-BDF6-4A0F-9EB0-C14903976D5D}.Debug|iPhone.ActiveCfg = Debug|x86
		{EBE4D89E-BDF6-4A0F-9EB0-C14903976D5D}.Debug|iPhoneSimulator.ActiveCfg = Debug|x86
		{EBE4D89E-BDF6-4A0F-9EB0-C14903976D5D}.Debug|x64.ActiveCfg = Debug|x64
		{EBE4D89E-BDF6-4A0F-9EB0-C14903976D5D}.Debug|x64.Build.0 = Debug|x64
		{EBE4D89E-BDF6-4A0F-9EB0-C14903976D5D}.Debug|x64.Deploy.0 = Debug|x64
		{EBE4D89E-BDF6-4A0F-9EB0-C14903976D5D}.Debug|x86.ActiveCfg = Debug|x86
		{EBE4D89E-BDF6-4A0F-9EB0-C14903976D5D}.Debug|x86.Build.0 = Debug|x86
		{EBE4D89E-BDF6-4A0F-9EB0-C14903976D5D}.Debug|x86.Deploy.0 = Debug|x86
		{EBE4D89E-BDF6-4A0F-9EB0-C14903976D5D}.Release|Any CPU.ActiveCfg = Release|x86
		{EBE4D89E-BDF6-4A0F-9EB0-C14903976D5D}.Release|ARM.ActiveCfg = Release|ARM
		{EBE4D89E-BDF6-4A0F-9EB0-C14903976D5D}.Release|ARM.Build.0 = Release|ARM
		{EBE4D89E-BDF6-4A0F-9EB0-C14903976D5D}.Release|ARM.Deploy.0 = Release|ARM
		{EBE4D89E-BDF6-4A0F-9EB0-C14903976D5D}.Release|iPhone.ActiveCfg = Release|x86
		{EBE4D89E-BDF6-4A0F-9EB0-C14903976D5D}.Release|iPhoneSimulator.ActiveCfg = Release|x86
		{EBE4D89E-BDF6-4A0F-9EB0-C14903976D5D}.Release|x64.ActiveCfg = Release|x64
		{EBE4D89E-BDF6-4A0F-9EB0-C14903976D5D}.Release|x64.Build.0 = Release|x64
		{EBE4D89E-BDF6-4A0F-9EB0-C14903976D5D}.Release|x64.Deploy.0 = Release|x64
		{EBE4D89E-BDF6-4A0F-9EB0-C14903976D5D}.Release|x86.ActiveCfg = Release|x86
		{EBE4D89E-BDF6-4A0F-9EB0-C14903976D5D}.Release|x86.Build.0 = Release|x86
		{EBE4D89E-BDF6-4A0F-9EB0-C14903976D5D}.Release|x86.Deploy.0 = Release|x86
		{8E88DE4D-974D-4239-AD67-DE9560C30897}.Debug|Any CPU.ActiveCfg = Debug|Any CPU
		{8E88DE4D-974D-4239-AD67-DE9560C30897}.Debug|Any CPU.Build.0 = Debug|Any CPU
		{8E88DE4D-974D-4239-AD67-DE9560C30897}.Debug|ARM.ActiveCfg = Debug|Any CPU
		{8E88DE4D-974D-4239-AD67-DE9560C30897}.Debug|ARM.Build.0 = Debug|Any CPU
		{8E88DE4D-974D-4239-AD67-DE9560C30897}.Debug|iPhone.ActiveCfg = Debug|Any CPU
		{8E88DE4D-974D-4239-AD67-DE9560C30897}.Debug|iPhone.Build.0 = Debug|Any CPU
		{8E88DE4D-974D-4239-AD67-DE9560C30897}.Debug|iPhoneSimulator.ActiveCfg = Debug|Any CPU
		{8E88DE4D-974D-4239-AD67-DE9560C30897}.Debug|iPhoneSimulator.Build.0 = Debug|Any CPU
		{8E88DE4D-974D-4239-AD67-DE9560C30897}.Debug|x64.ActiveCfg = Debug|Any CPU
		{8E88DE4D-974D-4239-AD67-DE9560C30897}.Debug|x64.Build.0 = Debug|Any CPU
		{8E88DE4D-974D-4239-AD67-DE9560C30897}.Debug|x86.ActiveCfg = Debug|Any CPU
		{8E88DE4D-974D-4239-AD67-DE9560C30897}.Debug|x86.Build.0 = Debug|Any CPU
		{8E88DE4D-974D-4239-AD67-DE9560C30897}.Release|Any CPU.ActiveCfg = Release|Any CPU
		{8E88DE4D-974D-4239-AD67-DE9560C30897}.Release|Any CPU.Build.0 = Release|Any CPU
		{8E88DE4D-974D-4239-AD67-DE9560C30897}.Release|ARM.ActiveCfg = Release|Any CPU
		{8E88DE4D-974D-4239-AD67-DE9560C30897}.Release|ARM.Build.0 = Release|Any CPU
		{8E88DE4D-974D-4239-AD67-DE9560C30897}.Release|iPhone.ActiveCfg = Release|Any CPU
		{8E88DE4D-974D-4239-AD67-DE9560C30897}.Release|iPhone.Build.0 = Release|Any CPU
		{8E88DE4D-974D-4239-AD67-DE9560C30897}.Release|iPhoneSimulator.ActiveCfg = Release|Any CPU
		{8E88DE4D-974D-4239-AD67-DE9560C30897}.Release|iPhoneSimulator.Build.0 = Release|Any CPU
		{8E88DE4D-974D-4239-AD67-DE9560C30897}.Release|x64.ActiveCfg = Release|Any CPU
		{8E88DE4D-974D-4239-AD67-DE9560C30897}.Release|x64.Build.0 = Release|Any CPU
		{8E88DE4D-974D-4239-AD67-DE9560C30897}.Release|x86.ActiveCfg = Release|Any CPU
		{8E88DE4D-974D-4239-AD67-DE9560C30897}.Release|x86.Build.0 = Release|Any CPU
		{6D276E6C-22CB-4D27-9783-22159E13A475}.Debug|Any CPU.ActiveCfg = Debug|Any CPU
		{6D276E6C-22CB-4D27-9783-22159E13A475}.Debug|Any CPU.Build.0 = Debug|Any CPU
		{6D276E6C-22CB-4D27-9783-22159E13A475}.Debug|ARM.ActiveCfg = Debug|Any CPU
		{6D276E6C-22CB-4D27-9783-22159E13A475}.Debug|ARM.Build.0 = Debug|Any CPU
		{6D276E6C-22CB-4D27-9783-22159E13A475}.Debug|iPhone.ActiveCfg = Debug|Any CPU
		{6D276E6C-22CB-4D27-9783-22159E13A475}.Debug|iPhone.Build.0 = Debug|Any CPU
		{6D276E6C-22CB-4D27-9783-22159E13A475}.Debug|iPhoneSimulator.ActiveCfg = Debug|Any CPU
		{6D276E6C-22CB-4D27-9783-22159E13A475}.Debug|iPhoneSimulator.Build.0 = Debug|Any CPU
		{6D276E6C-22CB-4D27-9783-22159E13A475}.Debug|x64.ActiveCfg = Debug|Any CPU
		{6D276E6C-22CB-4D27-9783-22159E13A475}.Debug|x64.Build.0 = Debug|Any CPU
		{6D276E6C-22CB-4D27-9783-22159E13A475}.Debug|x86.ActiveCfg = Debug|Any CPU
		{6D276E6C-22CB-4D27-9783-22159E13A475}.Debug|x86.Build.0 = Debug|Any CPU
		{6D276E6C-22CB-4D27-9783-22159E13A475}.Release|Any CPU.ActiveCfg = Release|Any CPU
		{6D276E6C-22CB-4D27-9783-22159E13A475}.Release|Any CPU.Build.0 = Release|Any CPU
		{6D276E6C-22CB-4D27-9783-22159E13A475}.Release|ARM.ActiveCfg = Release|Any CPU
		{6D276E6C-22CB-4D27-9783-22159E13A475}.Release|ARM.Build.0 = Release|Any CPU
		{6D276E6C-22CB-4D27-9783-22159E13A475}.Release|iPhone.ActiveCfg = Release|Any CPU
		{6D276E6C-22CB-4D27-9783-22159E13A475}.Release|iPhone.Build.0 = Release|Any CPU
		{6D276E6C-22CB-4D27-9783-22159E13A475}.Release|iPhoneSimulator.ActiveCfg = Release|Any CPU
		{6D276E6C-22CB-4D27-9783-22159E13A475}.Release|iPhoneSimulator.Build.0 = Release|Any CPU
		{6D276E6C-22CB-4D27-9783-22159E13A475}.Release|x64.ActiveCfg = Release|Any CPU
		{6D276E6C-22CB-4D27-9783-22159E13A475}.Release|x64.Build.0 = Release|Any CPU
		{6D276E6C-22CB-4D27-9783-22159E13A475}.Release|x86.ActiveCfg = Release|Any CPU
		{6D276E6C-22CB-4D27-9783-22159E13A475}.Release|x86.Build.0 = Release|Any CPU
		{48CF93CC-9B9D-4114-AD87-09BF4AD475DD}.Debug|Any CPU.ActiveCfg = Debug|Any CPU
		{48CF93CC-9B9D-4114-AD87-09BF4AD475DD}.Debug|Any CPU.Build.0 = Debug|Any CPU
		{48CF93CC-9B9D-4114-AD87-09BF4AD475DD}.Debug|ARM.ActiveCfg = Debug|Any CPU
		{48CF93CC-9B9D-4114-AD87-09BF4AD475DD}.Debug|ARM.Build.0 = Debug|Any CPU
		{48CF93CC-9B9D-4114-AD87-09BF4AD475DD}.Debug|iPhone.ActiveCfg = Debug|Any CPU
		{48CF93CC-9B9D-4114-AD87-09BF4AD475DD}.Debug|iPhone.Build.0 = Debug|Any CPU
		{48CF93CC-9B9D-4114-AD87-09BF4AD475DD}.Debug|iPhoneSimulator.ActiveCfg = Debug|Any CPU
		{48CF93CC-9B9D-4114-AD87-09BF4AD475DD}.Debug|iPhoneSimulator.Build.0 = Debug|Any CPU
		{48CF93CC-9B9D-4114-AD87-09BF4AD475DD}.Debug|x64.ActiveCfg = Debug|Any CPU
		{48CF93CC-9B9D-4114-AD87-09BF4AD475DD}.Debug|x64.Build.0 = Debug|Any CPU
		{48CF93CC-9B9D-4114-AD87-09BF4AD475DD}.Debug|x86.ActiveCfg = Debug|Any CPU
		{48CF93CC-9B9D-4114-AD87-09BF4AD475DD}.Debug|x86.Build.0 = Debug|Any CPU
		{48CF93CC-9B9D-4114-AD87-09BF4AD475DD}.Release|Any CPU.ActiveCfg = Release|Any CPU
		{48CF93CC-9B9D-4114-AD87-09BF4AD475DD}.Release|Any CPU.Build.0 = Release|Any CPU
		{48CF93CC-9B9D-4114-AD87-09BF4AD475DD}.Release|ARM.ActiveCfg = Release|Any CPU
		{48CF93CC-9B9D-4114-AD87-09BF4AD475DD}.Release|ARM.Build.0 = Release|Any CPU
		{48CF93CC-9B9D-4114-AD87-09BF4AD475DD}.Release|iPhone.ActiveCfg = Release|Any CPU
		{48CF93CC-9B9D-4114-AD87-09BF4AD475DD}.Release|iPhone.Build.0 = Release|Any CPU
		{48CF93CC-9B9D-4114-AD87-09BF4AD475DD}.Release|iPhoneSimulator.ActiveCfg = Release|Any CPU
		{48CF93CC-9B9D-4114-AD87-09BF4AD475DD}.Release|iPhoneSimulator.Build.0 = Release|Any CPU
		{48CF93CC-9B9D-4114-AD87-09BF4AD475DD}.Release|x64.ActiveCfg = Release|Any CPU
		{48CF93CC-9B9D-4114-AD87-09BF4AD475DD}.Release|x64.Build.0 = Release|Any CPU
		{48CF93CC-9B9D-4114-AD87-09BF4AD475DD}.Release|x86.ActiveCfg = Release|Any CPU
		{48CF93CC-9B9D-4114-AD87-09BF4AD475DD}.Release|x86.Build.0 = Release|Any CPU
		{40CE4BB9-0835-4DFA-8E5A-6E13909E9290}.Debug|Any CPU.ActiveCfg = Debug|Any CPU
		{40CE4BB9-0835-4DFA-8E5A-6E13909E9290}.Debug|Any CPU.Build.0 = Debug|Any CPU
		{40CE4BB9-0835-4DFA-8E5A-6E13909E9290}.Debug|ARM.ActiveCfg = Debug|Any CPU
		{40CE4BB9-0835-4DFA-8E5A-6E13909E9290}.Debug|ARM.Build.0 = Debug|Any CPU
		{40CE4BB9-0835-4DFA-8E5A-6E13909E9290}.Debug|iPhone.ActiveCfg = Debug|Any CPU
		{40CE4BB9-0835-4DFA-8E5A-6E13909E9290}.Debug|iPhone.Build.0 = Debug|Any CPU
		{40CE4BB9-0835-4DFA-8E5A-6E13909E9290}.Debug|iPhoneSimulator.ActiveCfg = Debug|Any CPU
		{40CE4BB9-0835-4DFA-8E5A-6E13909E9290}.Debug|iPhoneSimulator.Build.0 = Debug|Any CPU
		{40CE4BB9-0835-4DFA-8E5A-6E13909E9290}.Debug|x64.ActiveCfg = Debug|Any CPU
		{40CE4BB9-0835-4DFA-8E5A-6E13909E9290}.Debug|x64.Build.0 = Debug|Any CPU
		{40CE4BB9-0835-4DFA-8E5A-6E13909E9290}.Debug|x86.ActiveCfg = Debug|Any CPU
		{40CE4BB9-0835-4DFA-8E5A-6E13909E9290}.Debug|x86.Build.0 = Debug|Any CPU
		{40CE4BB9-0835-4DFA-8E5A-6E13909E9290}.Release|Any CPU.ActiveCfg = Release|Any CPU
		{40CE4BB9-0835-4DFA-8E5A-6E13909E9290}.Release|Any CPU.Build.0 = Release|Any CPU
		{40CE4BB9-0835-4DFA-8E5A-6E13909E9290}.Release|ARM.ActiveCfg = Release|Any CPU
		{40CE4BB9-0835-4DFA-8E5A-6E13909E9290}.Release|ARM.Build.0 = Release|Any CPU
		{40CE4BB9-0835-4DFA-8E5A-6E13909E9290}.Release|iPhone.ActiveCfg = Release|Any CPU
		{40CE4BB9-0835-4DFA-8E5A-6E13909E9290}.Release|iPhone.Build.0 = Release|Any CPU
		{40CE4BB9-0835-4DFA-8E5A-6E13909E9290}.Release|iPhoneSimulator.ActiveCfg = Release|Any CPU
		{40CE4BB9-0835-4DFA-8E5A-6E13909E9290}.Release|iPhoneSimulator.Build.0 = Release|Any CPU
		{40CE4BB9-0835-4DFA-8E5A-6E13909E9290}.Release|x64.ActiveCfg = Release|Any CPU
		{40CE4BB9-0835-4DFA-8E5A-6E13909E9290}.Release|x64.Build.0 = Release|Any CPU
		{40CE4BB9-0835-4DFA-8E5A-6E13909E9290}.Release|x86.ActiveCfg = Release|Any CPU
		{40CE4BB9-0835-4DFA-8E5A-6E13909E9290}.Release|x86.Build.0 = Release|Any CPU
		{3D06E5E0-01FE-41DB-9F81-5E04F085256E}.Debug|Any CPU.ActiveCfg = Debug|Any CPU
		{3D06E5E0-01FE-41DB-9F81-5E04F085256E}.Debug|Any CPU.Build.0 = Debug|Any CPU
		{3D06E5E0-01FE-41DB-9F81-5E04F085256E}.Debug|ARM.ActiveCfg = Debug|Any CPU
		{3D06E5E0-01FE-41DB-9F81-5E04F085256E}.Debug|ARM.Build.0 = Debug|Any CPU
		{3D06E5E0-01FE-41DB-9F81-5E04F085256E}.Debug|iPhone.ActiveCfg = Debug|Any CPU
		{3D06E5E0-01FE-41DB-9F81-5E04F085256E}.Debug|iPhone.Build.0 = Debug|Any CPU
		{3D06E5E0-01FE-41DB-9F81-5E04F085256E}.Debug|iPhoneSimulator.ActiveCfg = Debug|Any CPU
		{3D06E5E0-01FE-41DB-9F81-5E04F085256E}.Debug|iPhoneSimulator.Build.0 = Debug|Any CPU
		{3D06E5E0-01FE-41DB-9F81-5E04F085256E}.Debug|x64.ActiveCfg = Debug|Any CPU
		{3D06E5E0-01FE-41DB-9F81-5E04F085256E}.Debug|x64.Build.0 = Debug|Any CPU
		{3D06E5E0-01FE-41DB-9F81-5E04F085256E}.Debug|x86.ActiveCfg = Debug|Any CPU
		{3D06E5E0-01FE-41DB-9F81-5E04F085256E}.Debug|x86.Build.0 = Debug|Any CPU
		{3D06E5E0-01FE-41DB-9F81-5E04F085256E}.Release|Any CPU.ActiveCfg = Release|Any CPU
		{3D06E5E0-01FE-41DB-9F81-5E04F085256E}.Release|Any CPU.Build.0 = Release|Any CPU
		{3D06E5E0-01FE-41DB-9F81-5E04F085256E}.Release|ARM.ActiveCfg = Release|Any CPU
		{3D06E5E0-01FE-41DB-9F81-5E04F085256E}.Release|ARM.Build.0 = Release|Any CPU
		{3D06E5E0-01FE-41DB-9F81-5E04F085256E}.Release|iPhone.ActiveCfg = Release|Any CPU
		{3D06E5E0-01FE-41DB-9F81-5E04F085256E}.Release|iPhone.Build.0 = Release|Any CPU
		{3D06E5E0-01FE-41DB-9F81-5E04F085256E}.Release|iPhoneSimulator.ActiveCfg = Release|Any CPU
		{3D06E5E0-01FE-41DB-9F81-5E04F085256E}.Release|iPhoneSimulator.Build.0 = Release|Any CPU
		{3D06E5E0-01FE-41DB-9F81-5E04F085256E}.Release|x64.ActiveCfg = Release|Any CPU
		{3D06E5E0-01FE-41DB-9F81-5E04F085256E}.Release|x64.Build.0 = Release|Any CPU
		{3D06E5E0-01FE-41DB-9F81-5E04F085256E}.Release|x86.ActiveCfg = Release|Any CPU
		{3D06E5E0-01FE-41DB-9F81-5E04F085256E}.Release|x86.Build.0 = Release|Any CPU
	EndGlobalSection
	GlobalSection(SolutionProperties) = preSolution
		HideSolutionNode = FALSE
	EndGlobalSection
	GlobalSection(NestedProjects) = preSolution
		{13B39050-0AC2-431F-82E2-5502357B2E61} = {CBA77B3D-26A5-47D4-ABE0-0357F42C2787}
		{E9A90B6B-89CF-4469-88F9-6E04CBDD3BE0} = {CBA77B3D-26A5-47D4-ABE0-0357F42C2787}
		{1E071EA9-ED3E-452E-9688-DE1ABABA2293} = {0C5D19E6-8851-4376-8418-507ED8AC0F19}
		{59EEFB0D-3957-43FC-8272-C3B460F7FF84} = {0C5D19E6-8851-4376-8418-507ED8AC0F19}
		{DDAD7F20-40BE-446C-BED1-E770DD7A0503} = {0C5D19E6-8851-4376-8418-507ED8AC0F19}
		{8C6AF32A-3692-43B3-A907-9395564DB067} = {0C5D19E6-8851-4376-8418-507ED8AC0F19}
		{9CED7E33-D8EB-43B2-A903-9E5D63B34F23} = {0C5D19E6-8851-4376-8418-507ED8AC0F19}
		{32173104-2069-44A7-B347-EEA6609A1E7B} = {CBA77B3D-26A5-47D4-ABE0-0357F42C2787}
		{7D9A799C-7724-4787-9F6D-61A76DC49F1F} = {0C5D19E6-8851-4376-8418-507ED8AC0F19}
		{ACB7F202-3B4C-4859-B9BE-ADE6B6726DB0} = {0C5D19E6-8851-4376-8418-507ED8AC0F19}
		{4C7D511E-EE5D-4F88-9CAA-A68DAFA19132} = {0C5D19E6-8851-4376-8418-507ED8AC0F19}
		{5A7980A6-B761-440B-BBAC-A69B6D05098A} = {6DA95F02-5947-4CAB-94D9-31BE1406EACC}
		{09B631A3-F514-4674-B306-6037BC74681C} = {6DA95F02-5947-4CAB-94D9-31BE1406EACC}
		{A881227E-ACB3-4F20-BBA1-95556F7AA620} = {6DA95F02-5947-4CAB-94D9-31BE1406EACC}
		{EBE4D89E-BDF6-4A0F-9EB0-C14903976D5D} = {6DA95F02-5947-4CAB-94D9-31BE1406EACC}
		{8E88DE4D-974D-4239-AD67-DE9560C30897} = {0C5D19E6-8851-4376-8418-507ED8AC0F19}
		{6D276E6C-22CB-4D27-9783-22159E13A475} = {0C5D19E6-8851-4376-8418-507ED8AC0F19}
		{48CF93CC-9B9D-4114-AD87-09BF4AD475DD} = {0C5D19E6-8851-4376-8418-507ED8AC0F19}
		{40CE4BB9-0835-4DFA-8E5A-6E13909E9290} = {6DA95F02-5947-4CAB-94D9-31BE1406EACC}
		{5BAFCDE7-9652-4EAB-814D-D16FE442F0AE} = {0C5D19E6-8851-4376-8418-507ED8AC0F19}
		{3D06E5E0-01FE-41DB-9F81-5E04F085256E} = {6DA95F02-5947-4CAB-94D9-31BE1406EACC}
	EndGlobalSection
	GlobalSection(ExtensibilityGlobals) = postSolution
		SolutionGuid = {A67BE37D-F1D2-4C7E-B091-21C8006B0A5A}
	EndGlobalSection
	GlobalSection(MonoDevelopProperties) = preSolution
		Policies = $0
		$0.TextStylePolicy = $1
		$1.scope = text/x-csharp
		$1.FileWidth = 80
		$1.TabWidth = 8
		$1.IndentWidth = 8
		$0.CSharpFormattingPolicy = $2
		$2.SpacesAfterTypecast = True
		$2.SpacesBeforeArrayDeclarationBrackets = True
		$2.scope = text/x-csharp
		$2.IndentSwitchSection = False
		$2.NewLinesForBracesInTypes = False
		$2.NewLinesForBracesInProperties = False
		$2.NewLinesForBracesInAccessors = False
		$2.NewLinesForBracesInAnonymousMethods = False
		$2.NewLinesForBracesInControlBlocks = False
		$2.NewLinesForBracesInAnonymousTypes = False
		$2.NewLinesForBracesInObjectCollectionArrayInitializers = False
		$2.NewLinesForBracesInLambdaExpressionBody = False
		$2.NewLineForElse = False
		$2.NewLineForCatch = False
		$2.NewLineForFinally = False
		$2.NewLineForMembersInObjectInit = False
		$2.NewLineForMembersInAnonymousTypes = False
		$2.NewLineForClausesInQuery = False
		$2.SpacingAfterMethodDeclarationName = True
		$2.SpaceAfterMethodCallName = True
		$2.SpaceBeforeOpenSquareBracket = True
	EndGlobalSection
EndGlobal
