Microsoft Visual Studio Solution File, Format Version 12.00
# Visual Studio 15
VisualStudioVersion = 15.0.27205.2004
MinimumVisualStudioVersion = 10.0.40219.1
Project("{2150E333-8FDC-42A3-9474-1A3956D46DE8}") = "tools", "tools", "{CBA77B3D-26A5-47D4-ABE0-0357F42C2787}"
EndProject
Project("{FAE04EC0-301F-11D3-BF4B-00C04F79EFBC}") = "mmk", "tools\mmk\mmk.csproj", "{13B39050-0AC2-431F-82E2-5502357B2E61}"
EndProject
Project("{FAE04EC0-301F-11D3-BF4B-00C04F79EFBC}") = "managed-midi-player-console", "tools\managed-midi-player-console\managed-midi-player-console.csproj", "{E9A90B6B-89CF-4469-88F9-6E04CBDD3BE0}"
EndProject
Project("{FAE04EC0-301F-11D3-BF4B-00C04F79EFBC}") = "Commons.Music.Midi.Tests", "Commons.Music.Midi.Tests\Commons.Music.Midi.Tests.csproj", "{1E071EA9-ED3E-452E-9688-DE1ABABA2293}"
EndProject
Project("{FAE04EC0-301F-11D3-BF4B-00C04F79EFBC}") = "Commons.Music.Midi.Desktop", "Commons.Music.Midi.Desktop\Commons.Music.Midi.Desktop.csproj", "{59EEFB0D-3957-43FC-8272-C3B460F7FF84}"
EndProject
Project("{D954291E-2A0B-460D-934E-DC6B0785DB48}") = "Commons.Music.Midi.Shared", "Commons.Music.Midi.Shared\Commons.Music.Midi.Shared.shproj", "{8742663D-9BB6-43D5-887D-0668E550652F}"
EndProject
Project("{FAE04EC0-301F-11D3-BF4B-00C04F79EFBC}") = "Commons.Music.Midi.Uwp", "Commons.Music.Midi.Uwp\Commons.Music.Midi.Uwp.csproj", "{DDAD7F20-40BE-446C-BED1-E770DD7A0503}"
EndProject
Project("{FAE04EC0-301F-11D3-BF4B-00C04F79EFBC}") = "Commons.Music.Midi.Android", "Commons.Music.Midi.Android\Commons.Music.Midi.Android.csproj", "{8C6AF32A-3692-43B3-A907-9395564DB067}"
EndProject
Project("{FAE04EC0-301F-11D3-BF4B-00C04F79EFBC}") = "Commons.Music.Midi.XamiOS", "Commons.Music.Midi.XamiOS\Commons.Music.Midi.XamiOS.csproj", "{9CED7E33-D8EB-43B2-A903-9E5D63B34F23}"
EndProject
Project("{FAE04EC0-301F-11D3-BF4B-00C04F79EFBC}") = "Commons.Music.Midi.XamMac", "Commons.Music.Midi.XamMac\Commons.Music.Midi.XamMac.csproj", "{48CF93CC-9B9D-4114-AD87-09BF4AD475DD}"
EndProject
Project("{D954291E-2A0B-460D-934E-DC6B0785DB48}") = "Commons.Music.Midi.CoreMidiShared", "Commons.Music.Midi.CoreMidiShared\Commons.Music.Midi.CoreMidiShared.shproj", "{6197A7EE-4469-4FFA-BC33-F180A2877580}"
EndProject
Project("{D954291E-2A0B-460D-934E-DC6B0785DB48}") = "Commons.Music.Midi.UwpShared", "Commons.Music.Midi.UwpShared\Commons.Music.Midi.UwpShared.shproj", "{222D4115-A616-45E4-82BC-AC0BC62113C1}"
EndProject
Project("{FAE04EC0-301F-11D3-BF4B-00C04F79EFBC}") = "managed-midi-recorder", "tools\managed-midi-recorder\managed-midi-recorder.csproj", "{32173104-2069-44A7-B347-EEA6609A1E7B}"
EndProject
Project("{FAE04EC0-301F-11D3-BF4B-00C04F79EFBC}") = "Commons.Music.Midi", "Commons.Music.Midi\Commons.Music.Midi.csproj", "{7D9A799C-7724-4787-9F6D-61A76DC49F1F}"
EndProject
Project("{D954291E-2A0B-460D-934E-DC6B0785DB48}") = "Commons.Music.Midi.DesktopShared", "Commons.Music.Midi.DesktopShared\Commons.Music.Midi.DesktopShared.shproj", "{ACB7F202-3B4C-4859-B9BE-ADE6B6726DB0}"
EndProject
Project("{FAE04EC0-301F-11D3-BF4B-00C04F79EFBC}") = "alsa-sharp", "external\alsa-sharp\dotnetcore\alsa-sharp\alsa-sharp.csproj", "{4C7D511E-EE5D-4F88-9CAA-A68DAFA19132}"
EndProject
Global
	GlobalSection(SharedMSBuildProjectFiles) = preSolution
		Commons.Music.Midi.CoreMidiShared\Commons.Music.Midi.CoreMidiShared.projitems*{1f06e431-ef07-4161-8c74-5dbb80537f3e}*SharedItemsImports = 4
		Commons.Music.Midi.Shared\Commons.Music.Midi.Shared.projitems*{1f06e431-ef07-4161-8c74-5dbb80537f3e}*SharedItemsImports = 4
		Commons.Music.Midi.UwpShared\Commons.Music.Midi.UwpShared.projitems*{222d4115-a616-45e4-82bc-ac0bc62113c1}*SharedItemsImports = 13
		Commons.Music.Midi.Shared\Commons.Music.Midi.Shared.projitems*{2a0a4aa1-d455-48b4-abd0-07217568264e}*SharedItemsImports = 4
		Commons.Music.Midi.CoreMidiShared\Commons.Music.Midi.CoreMidiShared.projitems*{48cf93cc-9b9d-4114-ad87-09bf4ad475dd}*SharedItemsImports = 4
		Commons.Music.Midi.Shared\Commons.Music.Midi.Shared.projitems*{48cf93cc-9b9d-4114-ad87-09bf4ad475dd}*SharedItemsImports = 4
		Commons.Music.Midi.Shared\Commons.Music.Midi.Shared.projitems*{59eefb0d-3957-43fc-8272-c3b460f7ff84}*SharedItemsImports = 4
		Commons.Music.Midi.CoreMidiShared\Commons.Music.Midi.CoreMidiShared.projitems*{6197a7ee-4469-4ffa-bc33-f180a2877580}*SharedItemsImports = 13
		Commons.Music.Midi.Shared\Commons.Music.Midi.Shared.projitems*{8742663d-9bb6-43d5-887d-0668e550652f}*SharedItemsImports = 13
		Commons.Music.Midi.Shared\Commons.Music.Midi.Shared.projitems*{8c6af32a-3692-43b3-a907-9395564db067}*SharedItemsImports = 4
		Commons.Music.Midi.CoreMidiShared\Commons.Music.Midi.CoreMidiShared.projitems*{9ced7e33-d8eb-43b2-a903-9e5d63b34f23}*SharedItemsImports = 4
		Commons.Music.Midi.Shared\Commons.Music.Midi.Shared.projitems*{9ced7e33-d8eb-43b2-a903-9e5d63b34f23}*SharedItemsImports = 4
		Commons.Music.Midi.Shared\Commons.Music.Midi.Shared.projitems*{ae949be1-6ba7-4edf-96ff-c5730eddf122}*SharedItemsImports = 4
		Commons.Music.Midi.UwpShared\Commons.Music.Midi.UwpShared.projitems*{ae949be1-6ba7-4edf-96ff-c5730eddf122}*SharedItemsImports = 4
		Commons.Music.Midi.Shared\Commons.Music.Midi.Shared.projitems*{ddad7f20-40be-446c-bed1-e770dd7a0503}*SharedItemsImports = 4
	EndGlobalSection
	GlobalSection(SolutionConfigurationPlatforms) = preSolution
		Debug|Any CPU = Debug|Any CPU
		Debug|x86 = Debug|x86
		Release|Any CPU = Release|Any CPU
		Release|x86 = Release|x86
	EndGlobalSection
	GlobalSection(ProjectConfigurationPlatforms) = postSolution
		{13B39050-0AC2-431F-82E2-5502357B2E61}.Debug|Any CPU.ActiveCfg = Debug|Any CPU
		{13B39050-0AC2-431F-82E2-5502357B2E61}.Debug|Any CPU.Build.0 = Debug|Any CPU
		{13B39050-0AC2-431F-82E2-5502357B2E61}.Debug|x86.ActiveCfg = Debug|Any CPU
		{13B39050-0AC2-431F-82E2-5502357B2E61}.Debug|x86.Build.0 = Debug|Any CPU
		{13B39050-0AC2-431F-82E2-5502357B2E61}.Release|Any CPU.ActiveCfg = Release|Any CPU
		{13B39050-0AC2-431F-82E2-5502357B2E61}.Release|Any CPU.Build.0 = Release|Any CPU
		{13B39050-0AC2-431F-82E2-5502357B2E61}.Release|x86.ActiveCfg = Release|Any CPU
		{13B39050-0AC2-431F-82E2-5502357B2E61}.Release|x86.Build.0 = Release|Any CPU
		{E9A90B6B-89CF-4469-88F9-6E04CBDD3BE0}.Debug|Any CPU.ActiveCfg = Debug|Any CPU
		{E9A90B6B-89CF-4469-88F9-6E04CBDD3BE0}.Debug|Any CPU.Build.0 = Debug|Any CPU
		{E9A90B6B-89CF-4469-88F9-6E04CBDD3BE0}.Debug|x86.ActiveCfg = Debug|Any CPU
		{E9A90B6B-89CF-4469-88F9-6E04CBDD3BE0}.Debug|x86.Build.0 = Debug|Any CPU
		{E9A90B6B-89CF-4469-88F9-6E04CBDD3BE0}.Release|Any CPU.ActiveCfg = Release|Any CPU
		{E9A90B6B-89CF-4469-88F9-6E04CBDD3BE0}.Release|Any CPU.Build.0 = Release|Any CPU
		{E9A90B6B-89CF-4469-88F9-6E04CBDD3BE0}.Release|x86.ActiveCfg = Release|Any CPU
		{E9A90B6B-89CF-4469-88F9-6E04CBDD3BE0}.Release|x86.Build.0 = Release|Any CPU
		{1E071EA9-ED3E-452E-9688-DE1ABABA2293}.Debug|Any CPU.ActiveCfg = Debug|Any CPU
		{1E071EA9-ED3E-452E-9688-DE1ABABA2293}.Debug|Any CPU.Build.0 = Debug|Any CPU
		{1E071EA9-ED3E-452E-9688-DE1ABABA2293}.Debug|x86.ActiveCfg = Debug|Any CPU
		{1E071EA9-ED3E-452E-9688-DE1ABABA2293}.Debug|x86.Build.0 = Debug|Any CPU
		{1E071EA9-ED3E-452E-9688-DE1ABABA2293}.Release|Any CPU.ActiveCfg = Release|Any CPU
		{1E071EA9-ED3E-452E-9688-DE1ABABA2293}.Release|Any CPU.Build.0 = Release|Any CPU
		{1E071EA9-ED3E-452E-9688-DE1ABABA2293}.Release|x86.ActiveCfg = Release|Any CPU
		{1E071EA9-ED3E-452E-9688-DE1ABABA2293}.Release|x86.Build.0 = Release|Any CPU
		{59EEFB0D-3957-43FC-8272-C3B460F7FF84}.Debug|Any CPU.ActiveCfg = Debug|Any CPU
		{59EEFB0D-3957-43FC-8272-C3B460F7FF84}.Debug|Any CPU.Build.0 = Debug|Any CPU
		{59EEFB0D-3957-43FC-8272-C3B460F7FF84}.Debug|x86.ActiveCfg = Debug|Any CPU
		{59EEFB0D-3957-43FC-8272-C3B460F7FF84}.Debug|x86.Build.0 = Debug|Any CPU
		{59EEFB0D-3957-43FC-8272-C3B460F7FF84}.Release|Any CPU.ActiveCfg = Release|Any CPU
		{59EEFB0D-3957-43FC-8272-C3B460F7FF84}.Release|Any CPU.Build.0 = Release|Any CPU
		{59EEFB0D-3957-43FC-8272-C3B460F7FF84}.Release|x86.ActiveCfg = Release|Any CPU
		{59EEFB0D-3957-43FC-8272-C3B460F7FF84}.Release|x86.Build.0 = Release|Any CPU
		{DDAD7F20-40BE-446C-BED1-E770DD7A0503}.Debug|Any CPU.ActiveCfg = Debug|Any CPU
		{DDAD7F20-40BE-446C-BED1-E770DD7A0503}.Debug|Any CPU.Build.0 = Debug|Any CPU
		{DDAD7F20-40BE-446C-BED1-E770DD7A0503}.Debug|x86.ActiveCfg = Debug|x86
		{DDAD7F20-40BE-446C-BED1-E770DD7A0503}.Debug|x86.Build.0 = Debug|x86
		{DDAD7F20-40BE-446C-BED1-E770DD7A0503}.Release|Any CPU.ActiveCfg = Release|Any CPU
		{DDAD7F20-40BE-446C-BED1-E770DD7A0503}.Release|Any CPU.Build.0 = Release|Any CPU
		{DDAD7F20-40BE-446C-BED1-E770DD7A0503}.Release|x86.ActiveCfg = Release|x86
		{DDAD7F20-40BE-446C-BED1-E770DD7A0503}.Release|x86.Build.0 = Release|x86
		{8C6AF32A-3692-43B3-A907-9395564DB067}.Debug|Any CPU.ActiveCfg = Debug|Any CPU
		{8C6AF32A-3692-43B3-A907-9395564DB067}.Debug|Any CPU.Build.0 = Debug|Any CPU
		{8C6AF32A-3692-43B3-A907-9395564DB067}.Debug|x86.ActiveCfg = Debug|Any CPU
		{8C6AF32A-3692-43B3-A907-9395564DB067}.Debug|x86.Build.0 = Debug|Any CPU
		{8C6AF32A-3692-43B3-A907-9395564DB067}.Release|Any CPU.ActiveCfg = Release|Any CPU
		{8C6AF32A-3692-43B3-A907-9395564DB067}.Release|Any CPU.Build.0 = Release|Any CPU
		{8C6AF32A-3692-43B3-A907-9395564DB067}.Release|x86.ActiveCfg = Release|Any CPU
		{8C6AF32A-3692-43B3-A907-9395564DB067}.Release|x86.Build.0 = Release|Any CPU
		{9CED7E33-D8EB-43B2-A903-9E5D63B34F23}.Debug|Any CPU.ActiveCfg = Debug|Any CPU
		{9CED7E33-D8EB-43B2-A903-9E5D63B34F23}.Debug|Any CPU.Build.0 = Debug|Any CPU
		{9CED7E33-D8EB-43B2-A903-9E5D63B34F23}.Debug|x86.ActiveCfg = Debug|Any CPU
		{9CED7E33-D8EB-43B2-A903-9E5D63B34F23}.Debug|x86.Build.0 = Debug|Any CPU
		{9CED7E33-D8EB-43B2-A903-9E5D63B34F23}.Release|Any CPU.ActiveCfg = Release|Any CPU
		{9CED7E33-D8EB-43B2-A903-9E5D63B34F23}.Release|Any CPU.Build.0 = Release|Any CPU
		{9CED7E33-D8EB-43B2-A903-9E5D63B34F23}.Release|x86.ActiveCfg = Release|Any CPU
		{9CED7E33-D8EB-43B2-A903-9E5D63B34F23}.Release|x86.Build.0 = Release|Any CPU
		{48CF93CC-9B9D-4114-AD87-09BF4AD475DD}.Debug|Any CPU.ActiveCfg = Debug|Any CPU
		{48CF93CC-9B9D-4114-AD87-09BF4AD475DD}.Debug|Any CPU.Build.0 = Debug|Any CPU
		{48CF93CC-9B9D-4114-AD87-09BF4AD475DD}.Debug|x86.ActiveCfg = Debug|Any CPU
		{48CF93CC-9B9D-4114-AD87-09BF4AD475DD}.Debug|x86.Build.0 = Debug|Any CPU
		{48CF93CC-9B9D-4114-AD87-09BF4AD475DD}.Release|Any CPU.ActiveCfg = Release|Any CPU
		{48CF93CC-9B9D-4114-AD87-09BF4AD475DD}.Release|Any CPU.Build.0 = Release|Any CPU
		{48CF93CC-9B9D-4114-AD87-09BF4AD475DD}.Release|x86.ActiveCfg = Release|Any CPU
		{48CF93CC-9B9D-4114-AD87-09BF4AD475DD}.Release|x86.Build.0 = Release|Any CPU
		{32173104-2069-44A7-B347-EEA6609A1E7B}.Debug|Any CPU.ActiveCfg = Debug|Any CPU
		{32173104-2069-44A7-B347-EEA6609A1E7B}.Debug|Any CPU.Build.0 = Debug|Any CPU
		{32173104-2069-44A7-B347-EEA6609A1E7B}.Debug|x86.ActiveCfg = Debug|Any CPU
		{32173104-2069-44A7-B347-EEA6609A1E7B}.Debug|x86.Build.0 = Debug|Any CPU
		{32173104-2069-44A7-B347-EEA6609A1E7B}.Release|Any CPU.ActiveCfg = Release|Any CPU
		{32173104-2069-44A7-B347-EEA6609A1E7B}.Release|Any CPU.Build.0 = Release|Any CPU
		{32173104-2069-44A7-B347-EEA6609A1E7B}.Release|x86.ActiveCfg = Release|Any CPU
		{32173104-2069-44A7-B347-EEA6609A1E7B}.Release|x86.Build.0 = Release|Any CPU
		{7D9A799C-7724-4787-9F6D-61A76DC49F1F}.Debug|Any CPU.ActiveCfg = Debug|Any CPU
		{7D9A799C-7724-4787-9F6D-61A76DC49F1F}.Debug|Any CPU.Build.0 = Debug|Any CPU
		{7D9A799C-7724-4787-9F6D-61A76DC49F1F}.Debug|x86.ActiveCfg = Debug|Any CPU
		{7D9A799C-7724-4787-9F6D-61A76DC49F1F}.Debug|x86.Build.0 = Debug|Any CPU
		{7D9A799C-7724-4787-9F6D-61A76DC49F1F}.Release|Any CPU.ActiveCfg = Release|Any CPU
		{7D9A799C-7724-4787-9F6D-61A76DC49F1F}.Release|Any CPU.Build.0 = Release|Any CPU
		{7D9A799C-7724-4787-9F6D-61A76DC49F1F}.Release|x86.ActiveCfg = Release|Any CPU
		{7D9A799C-7724-4787-9F6D-61A76DC49F1F}.Release|x86.Build.0 = Release|Any CPU
		{4C7D511E-EE5D-4F88-9CAA-A68DAFA19132}.Debug|Any CPU.ActiveCfg = Debug|Any CPU
		{4C7D511E-EE5D-4F88-9CAA-A68DAFA19132}.Debug|Any CPU.Build.0 = Debug|Any CPU
		{4C7D511E-EE5D-4F88-9CAA-A68DAFA19132}.Debug|x86.ActiveCfg = Debug|Any CPU
		{4C7D511E-EE5D-4F88-9CAA-A68DAFA19132}.Debug|x86.Build.0 = Debug|Any CPU
		{4C7D511E-EE5D-4F88-9CAA-A68DAFA19132}.Release|Any CPU.ActiveCfg = Release|Any CPU
		{4C7D511E-EE5D-4F88-9CAA-A68DAFA19132}.Release|Any CPU.Build.0 = Release|Any CPU
		{4C7D511E-EE5D-4F88-9CAA-A68DAFA19132}.Release|x86.ActiveCfg = Release|Any CPU
		{4C7D511E-EE5D-4F88-9CAA-A68DAFA19132}.Release|x86.Build.0 = Release|Any CPU
	EndGlobalSection
	GlobalSection(SolutionProperties) = preSolution
		HideSolutionNode = FALSE
	EndGlobalSection
	GlobalSection(NestedProjects) = preSolution
		{13B39050-0AC2-431F-82E2-5502357B2E61} = {CBA77B3D-26A5-47D4-ABE0-0357F42C2787}
		{E9A90B6B-89CF-4469-88F9-6E04CBDD3BE0} = {CBA77B3D-26A5-47D4-ABE0-0357F42C2787}
		{32173104-2069-44A7-B347-EEA6609A1E7B} = {CBA77B3D-26A5-47D4-ABE0-0357F42C2787}
	EndGlobalSection
	GlobalSection(ExtensibilityGlobals) = postSolution
		SolutionGuid = {A67BE37D-F1D2-4C7E-B091-21C8006B0A5A}
	EndGlobalSection
	GlobalSection(MonoDevelopProperties) = preSolution
		Policies = $0
		$0.TextStylePolicy = $1
		$1.scope = text/x-csharp
		$1.FileWidth = 80
		$1.TabWidth = 8
		$1.IndentWidth = 8
		$0.CSharpFormattingPolicy = $2
		$2.SpacesAfterTypecast = True
		$2.SpacesBeforeArrayDeclarationBrackets = True
		$2.scope = text/x-csharp
		$2.IndentSwitchSection = False
		$2.NewLinesForBracesInTypes = False
		$2.NewLinesForBracesInProperties = False
		$2.NewLinesForBracesInAccessors = False
		$2.NewLinesForBracesInAnonymousMethods = False
		$2.NewLinesForBracesInControlBlocks = False
		$2.NewLinesForBracesInAnonymousTypes = False
		$2.NewLinesForBracesInObjectCollectionArrayInitializers = False
		$2.NewLinesForBracesInLambdaExpressionBody = False
		$2.NewLineForElse = False
		$2.NewLineForCatch = False
		$2.NewLineForFinally = False
		$2.NewLineForMembersInObjectInit = False
		$2.NewLineForMembersInAnonymousTypes = False
		$2.NewLineForClausesInQuery = False
		$2.SpacingAfterMethodDeclarationName = True
		$2.SpaceAfterMethodCallName = True
		$2.SpaceBeforeOpenSquareBracket = True
	EndGlobalSection
EndGlobal
