
Microsoft Visual Studio Solution File, Format Version 12.00
# Visual Studio 15
VisualStudioVersion = 15.0.28307.1209
MinimumVisualStudioVersion = 10.0.40219.1
Project("{FAE04EC0-301F-11D3-BF4B-00C04F79EFBC}") = "XFTest.UWP", "XFTest\XFTest.UWP\XFTest.UWP.csproj", "{EBE4D89E-BDF6-4A0F-9EB0-C14903976D5D}"
EndProject
Project("{FAE04EC0-301F-11D3-BF4B-00C04F79EFBC}") = "XFTest.Android", "XFTest\XFTest.Android\XFTest.Android.csproj", "{09B631A3-F514-4674-B306-6037BC74681C}"
EndProject
Project("{FAE04EC0-301F-11D3-BF4B-00C04F79EFBC}") = "XFTest.iOS", "XFTest\XFTest.iOS\XFTest.iOS.csproj", "{A881227E-ACB3-4F20-BBA1-95556F7AA620}"
EndProject
Project("{9A19103F-16F7-4668-BE54-9A1E7A4F7556}") = "XFTest", "XFTest\XFTest\XFTest.csproj", "{CDD3C1FF-13AC-4F0D-BD24-E99B3844B35A}"
EndProject
Project("{9A19103F-16F7-4668-BE54-9A1E7A4F7556}") = "Commons.Music.Midi", "..\Commons.Music.Midi\Commons.Music.Midi.csproj", "{A5289D39-CEF2-41A7-9FD6-8A2E8F428E8B}"
EndProject
Project("{2150E333-8FDC-42A3-9474-1A3956D46DE8}") = "Managed-Midi", "Managed-Midi", "{EDFA0F6B-717A-4CDD-BEF2-C29BC50F365F}"
EndProject
Global
	GlobalSection(SolutionConfigurationPlatforms) = preSolution
		Debug|Any CPU = Debug|Any CPU
		Debug|ARM = Debug|ARM
		Debug|iPhone = Debug|iPhone
		Debug|iPhoneSimulator = Debug|iPhoneSimulator
		Debug|x64 = Debug|x64
		Debug|x86 = Debug|x86
		Release|Any CPU = Release|Any CPU
		Release|ARM = Release|ARM
		Release|iPhone = Release|iPhone
		Release|iPhoneSimulator = Release|iPhoneSimulator
		Release|x64 = Release|x64
		Release|x86 = Release|x86
	EndGlobalSection
	GlobalSection(ProjectConfigurationPlatforms) = postSolution
		{EBE4D89E-BDF6-4A0F-9EB0-C14903976D5D}.Debug|Any CPU.ActiveCfg = Debug|x86
		{EBE4D89E-BDF6-4A0F-9EB0-C14903976D5D}.Debug|Any CPU.Build.0 = Debug|x86
		{EBE4D89E-BDF6-4A0F-9EB0-C14903976D5D}.Debug|Any CPU.Deploy.0 = Debug|x86
		{EBE4D89E-BDF6-4A0F-9EB0-C14903976D5D}.Debug|ARM.ActiveCfg = Debug|ARM
		{EBE4D89E-BDF6-4A0F-9EB0-C14903976D5D}.Debug|ARM.Build.0 = Debug|ARM
		{EBE4D89E-BDF6-4A0F-9EB0-C14903976D5D}.Debug|ARM.Deploy.0 = Debug|ARM
		{EBE4D89E-BDF6-4A0F-9EB0-C14903976D5D}.Debug|iPhone.ActiveCfg = Debug|x86
		{EBE4D89E-BDF6-4A0F-9EB0-C14903976D5D}.Debug|iPhone.Build.0 = Debug|x86
		{EBE4D89E-BDF6-4A0F-9EB0-C14903976D5D}.Debug|iPhone.Deploy.0 = Debug|x86
		{EBE4D89E-BDF6-4A0F-9EB0-C14903976D5D}.Debug|iPhoneSimulator.ActiveCfg = Debug|x86
		{EBE4D89E-BDF6-4A0F-9EB0-C14903976D5D}.Debug|iPhoneSimulator.Build.0 = Debug|x86
		{EBE4D89E-BDF6-4A0F-9EB0-C14903976D5D}.Debug|iPhoneSimulator.Deploy.0 = Debug|x86
		{EBE4D89E-BDF6-4A0F-9EB0-C14903976D5D}.Debug|x64.ActiveCfg = Debug|x64
		{EBE4D89E-BDF6-4A0F-9EB0-C14903976D5D}.Debug|x64.Build.0 = Debug|x64
		{EBE4D89E-BDF6-4A0F-9EB0-C14903976D5D}.Debug|x64.Deploy.0 = Debug|x64
		{EBE4D89E-BDF6-4A0F-9EB0-C14903976D5D}.Debug|x86.ActiveCfg = Debug|x86
		{EBE4D89E-BDF6-4A0F-9EB0-C14903976D5D}.Debug|x86.Build.0 = Debug|x86
		{EBE4D89E-BDF6-4A0F-9EB0-C14903976D5D}.Debug|x86.Deploy.0 = Debug|x86
		{EBE4D89E-BDF6-4A0F-9EB0-C14903976D5D}.Release|Any CPU.ActiveCfg = Release|x86
		{EBE4D89E-BDF6-4A0F-9EB0-C14903976D5D}.Release|Any CPU.Build.0 = Release|x86
		{EBE4D89E-BDF6-4A0F-9EB0-C14903976D5D}.Release|Any CPU.Deploy.0 = Release|x86
		{EBE4D89E-BDF6-4A0F-9EB0-C14903976D5D}.Release|ARM.ActiveCfg = Release|ARM
		{EBE4D89E-BDF6-4A0F-9EB0-C14903976D5D}.Release|ARM.Build.0 = Release|ARM
		{EBE4D89E-BDF6-4A0F-9EB0-C14903976D5D}.Release|ARM.Deploy.0 = Release|ARM
		{EBE4D89E-BDF6-4A0F-9EB0-C14903976D5D}.Release|iPhone.ActiveCfg = Release|x86
		{EBE4D89E-BDF6-4A0F-9EB0-C14903976D5D}.Release|iPhone.Build.0 = Release|x86
		{EBE4D89E-BDF6-4A0F-9EB0-C14903976D5D}.Release|iPhone.Deploy.0 = Release|x86
		{EBE4D89E-BDF6-4A0F-9EB0-C14903976D5D}.Release|iPhoneSimulator.ActiveCfg = Release|x86
		{EBE4D89E-BDF6-4A0F-9EB0-C14903976D5D}.Release|iPhoneSimulator.Build.0 = Release|x86
		{EBE4D89E-BDF6-4A0F-9EB0-C14903976D5D}.Release|iPhoneSimulator.Deploy.0 = Release|x86
		{EBE4D89E-BDF6-4A0F-9EB0-C14903976D5D}.Release|x64.ActiveCfg = Release|x64
		{EBE4D89E-BDF6-4A0F-9EB0-C14903976D5D}.Release|x64.Build.0 = Release|x64
		{EBE4D89E-BDF6-4A0F-9EB0-C14903976D5D}.Release|x64.Deploy.0 = Release|x64
		{EBE4D89E-BDF6-4A0F-9EB0-C14903976D5D}.Release|x86.ActiveCfg = Release|x86
		{EBE4D89E-BDF6-4A0F-9EB0-C14903976D5D}.Release|x86.Build.0 = Release|x86
		{EBE4D89E-BDF6-4A0F-9EB0-C14903976D5D}.Release|x86.Deploy.0 = Release|x86
		{09B631A3-F514-4674-B306-6037BC74681C}.Debug|Any CPU.ActiveCfg = Debug|Any CPU
		{09B631A3-F514-4674-B306-6037BC74681C}.Debug|Any CPU.Build.0 = Debug|Any CPU
		{09B631A3-F514-4674-B306-6037BC74681C}.Debug|Any CPU.Deploy.0 = Debug|Any CPU
		{09B631A3-F514-4674-B306-6037BC74681C}.Debug|ARM.ActiveCfg = Debug|Any CPU
		{09B631A3-F514-4674-B306-6037BC74681C}.Debug|ARM.Build.0 = Debug|Any CPU
		{09B631A3-F514-4674-B306-6037BC74681C}.Debug|ARM.Deploy.0 = Debug|Any CPU
		{09B631A3-F514-4674-B306-6037BC74681C}.Debug|iPhone.ActiveCfg = Debug|Any CPU
		{09B631A3-F514-4674-B306-6037BC74681C}.Debug|iPhone.Build.0 = Debug|Any CPU
		{09B631A3-F514-4674-B306-6037BC74681C}.Debug|iPhone.Deploy.0 = Debug|Any CPU
		{09B631A3-F514-4674-B306-6037BC74681C}.Debug|iPhoneSimulator.ActiveCfg = Debug|Any CPU
		{09B631A3-F514-4674-B306-6037BC74681C}.Debug|iPhoneSimulator.Build.0 = Debug|Any CPU
		{09B631A3-F514-4674-B306-6037BC74681C}.Debug|iPhoneSimulator.Deploy.0 = Debug|Any CPU
		{09B631A3-F514-4674-B306-6037BC74681C}.Debug|x64.ActiveCfg = Debug|Any CPU
		{09B631A3-F514-4674-B306-6037BC74681C}.Debug|x64.Build.0 = Debug|Any CPU
		{09B631A3-F514-4674-B306-6037BC74681C}.Debug|x64.Deploy.0 = Debug|Any CPU
		{09B631A3-F514-4674-B306-6037BC74681C}.Debug|x86.ActiveCfg = Debug|Any CPU
		{09B631A3-F514-4674-B306-6037BC74681C}.Debug|x86.Build.0 = Debug|Any CPU
		{09B631A3-F514-4674-B306-6037BC74681C}.Debug|x86.Deploy.0 = Debug|Any CPU
		{09B631A3-F514-4674-B306-6037BC74681C}.Release|Any CPU.ActiveCfg = Release|Any CPU
		{09B631A3-F514-4674-B306-6037BC74681C}.Release|Any CPU.Build.0 = Release|Any CPU
		{09B631A3-F514-4674-B306-6037BC74681C}.Release|Any CPU.Deploy.0 = Release|Any CPU
		{09B631A3-F514-4674-B306-6037BC74681C}.Release|ARM.ActiveCfg = Release|Any CPU
		{09B631A3-F514-4674-B306-6037BC74681C}.Release|ARM.Build.0 = Release|Any CPU
		{09B631A3-F514-4674-B306-6037BC74681C}.Release|ARM.Deploy.0 = Release|Any CPU
		{09B631A3-F514-4674-B306-6037BC74681C}.Release|iPhone.ActiveCfg = Release|Any CPU
		{09B631A3-F514-4674-B306-6037BC74681C}.Release|iPhone.Build.0 = Release|Any CPU
		{09B631A3-F514-4674-B306-6037BC74681C}.Release|iPhone.Deploy.0 = Release|Any CPU
		{09B631A3-F514-4674-B306-6037BC74681C}.Release|iPhoneSimulator.ActiveCfg = Release|Any CPU
		{09B631A3-F514-4674-B306-6037BC74681C}.Release|iPhoneSimulator.Build.0 = Release|Any CPU
		{09B631A3-F514-4674-B306-6037BC74681C}.Release|iPhoneSimulator.Deploy.0 = Release|Any CPU
		{09B631A3-F514-4674-B306-6037BC74681C}.Release|x64.ActiveCfg = Release|Any CPU
		{09B631A3-F514-4674-B306-6037BC74681C}.Release|x64.Build.0 = Release|Any CPU
		{09B631A3-F514-4674-B306-6037BC74681C}.Release|x64.Deploy.0 = Release|Any CPU
		{09B631A3-F514-4674-B306-6037BC74681C}.Release|x86.ActiveCfg = Release|Any CPU
		{09B631A3-F514-4674-B306-6037BC74681C}.Release|x86.Build.0 = Release|Any CPU
		{09B631A3-F514-4674-B306-6037BC74681C}.Release|x86.Deploy.0 = Release|Any CPU
		{A881227E-ACB3-4F20-BBA1-95556F7AA620}.Debug|Any CPU.ActiveCfg = Debug|iPhone
		{A881227E-ACB3-4F20-BBA1-95556F7AA620}.Debug|Any CPU.Build.0 = Debug|iPhone
		{A881227E-ACB3-4F20-BBA1-95556F7AA620}.Debug|Any CPU.Deploy.0 = Debug|iPhone
		{A881227E-ACB3-4F20-BBA1-95556F7AA620}.Debug|ARM.ActiveCfg = Debug|iPhone
		{A881227E-ACB3-4F20-BBA1-95556F7AA620}.Debug|ARM.Build.0 = Debug|iPhone
		{A881227E-ACB3-4F20-BBA1-95556F7AA620}.Debug|ARM.Deploy.0 = Debug|iPhone
		{A881227E-ACB3-4F20-BBA1-95556F7AA620}.Debug|iPhone.ActiveCfg = Debug|iPhone
		{A881227E-ACB3-4F20-BBA1-95556F7AA620}.Debug|iPhone.Build.0 = Debug|iPhone
		{A881227E-ACB3-4F20-BBA1-95556F7AA620}.Debug|iPhone.Deploy.0 = Debug|iPhone
		{A881227E-ACB3-4F20-BBA1-95556F7AA620}.Debug|iPhoneSimulator.ActiveCfg = Debug|iPhoneSimulator
		{A881227E-ACB3-4F20-BBA1-95556F7AA620}.Debug|iPhoneSimulator.Build.0 = Debug|iPhoneSimulator
		{A881227E-ACB3-4F20-BBA1-95556F7AA620}.Debug|iPhoneSimulator.Deploy.0 = Debug|iPhoneSimulator
		{A881227E-ACB3-4F20-BBA1-95556F7AA620}.Debug|x64.ActiveCfg = Debug|iPhone
		{A881227E-ACB3-4F20-BBA1-95556F7AA620}.Debug|x64.Build.0 = Debug|iPhone
		{A881227E-ACB3-4F20-BBA1-95556F7AA620}.Debug|x64.Deploy.0 = Debug|iPhone
		{A881227E-ACB3-4F20-BBA1-95556F7AA620}.Debug|x86.ActiveCfg = Debug|iPhone
		{A881227E-ACB3-4F20-BBA1-95556F7AA620}.Debug|x86.Build.0 = Debug|iPhone
		{A881227E-ACB3-4F20-BBA1-95556F7AA620}.Debug|x86.Deploy.0 = Debug|iPhone
		{A881227E-ACB3-4F20-BBA1-95556F7AA620}.Release|Any CPU.ActiveCfg = Release|iPhone
		{A881227E-ACB3-4F20-BBA1-95556F7AA620}.Release|Any CPU.Build.0 = Release|iPhone
		{A881227E-ACB3-4F20-BBA1-95556F7AA620}.Release|Any CPU.Deploy.0 = Release|iPhone
		{A881227E-ACB3-4F20-BBA1-95556F7AA620}.Release|ARM.ActiveCfg = Release|iPhone
		{A881227E-ACB3-4F20-BBA1-95556F7AA620}.Release|ARM.Build.0 = Release|iPhone
		{A881227E-ACB3-4F20-BBA1-95556F7AA620}.Release|ARM.Deploy.0 = Release|iPhone
		{A881227E-ACB3-4F20-BBA1-95556F7AA620}.Release|iPhone.ActiveCfg = Release|iPhone
		{A881227E-ACB3-4F20-BBA1-95556F7AA620}.Release|iPhone.Build.0 = Release|iPhone
		{A881227E-ACB3-4F20-BBA1-95556F7AA620}.Release|iPhone.Deploy.0 = Release|iPhone
		{A881227E-ACB3-4F20-BBA1-95556F7AA620}.Release|iPhoneSimulator.ActiveCfg = Release|iPhoneSimulator
		{A881227E-ACB3-4F20-BBA1-95556F7AA620}.Release|iPhoneSimulator.Build.0 = Release|iPhoneSimulator
		{A881227E-ACB3-4F20-BBA1-95556F7AA620}.Release|iPhoneSimulator.Deploy.0 = Release|iPhoneSimulator
		{A881227E-ACB3-4F20-BBA1-95556F7AA620}.Release|x64.ActiveCfg = Release|iPhone
		{A881227E-ACB3-4F20-BBA1-95556F7AA620}.Release|x64.Build.0 = Release|iPhone
		{A881227E-ACB3-4F20-BBA1-95556F7AA620}.Release|x64.Deploy.0 = Release|iPhone
		{A881227E-ACB3-4F20-BBA1-95556F7AA620}.Release|x86.ActiveCfg = Release|iPhone
		{A881227E-ACB3-4F20-BBA1-95556F7AA620}.Release|x86.Build.0 = Release|iPhone
		{A881227E-ACB3-4F20-BBA1-95556F7AA620}.Release|x86.Deploy.0 = Release|iPhone
		{CDD3C1FF-13AC-4F0D-BD24-E99B3844B35A}.Debug|Any CPU.ActiveCfg = Debug|Any CPU
		{CDD3C1FF-13AC-4F0D-BD24-E99B3844B35A}.Debug|Any CPU.Build.0 = Debug|Any CPU
		{CDD3C1FF-13AC-4F0D-BD24-E99B3844B35A}.Debug|Any CPU.Deploy.0 = Debug|Any CPU
		{CDD3C1FF-13AC-4F0D-BD24-E99B3844B35A}.Debug|ARM.ActiveCfg = Debug|Any CPU
		{CDD3C1FF-13AC-4F0D-BD24-E99B3844B35A}.Debug|ARM.Build.0 = Debug|Any CPU
		{CDD3C1FF-13AC-4F0D-BD24-E99B3844B35A}.Debug|ARM.Deploy.0 = Debug|Any CPU
		{CDD3C1FF-13AC-4F0D-BD24-E99B3844B35A}.Debug|iPhone.ActiveCfg = Debug|Any CPU
		{CDD3C1FF-13AC-4F0D-BD24-E99B3844B35A}.Debug|iPhone.Build.0 = Debug|Any CPU
		{CDD3C1FF-13AC-4F0D-BD24-E99B3844B35A}.Debug|iPhone.Deploy.0 = Debug|Any CPU
		{CDD3C1FF-13AC-4F0D-BD24-E99B3844B35A}.Debug|iPhoneSimulator.ActiveCfg = Debug|Any CPU
		{CDD3C1FF-13AC-4F0D-BD24-E99B3844B35A}.Debug|iPhoneSimulator.Build.0 = Debug|Any CPU
		{CDD3C1FF-13AC-4F0D-BD24-E99B3844B35A}.Debug|iPhoneSimulator.Deploy.0 = Debug|Any CPU
		{CDD3C1FF-13AC-4F0D-BD24-E99B3844B35A}.Debug|x64.ActiveCfg = Debug|Any CPU
		{CDD3C1FF-13AC-4F0D-BD24-E99B3844B35A}.Debug|x64.Build.0 = Debug|Any CPU
		{CDD3C1FF-13AC-4F0D-BD24-E99B3844B35A}.Debug|x64.Deploy.0 = Debug|Any CPU
		{CDD3C1FF-13AC-4F0D-BD24-E99B3844B35A}.Debug|x86.ActiveCfg = Debug|Any CPU
		{CDD3C1FF-13AC-4F0D-BD24-E99B3844B35A}.Debug|x86.Build.0 = Debug|Any CPU
		{CDD3C1FF-13AC-4F0D-BD24-E99B3844B35A}.Debug|x86.Deploy.0 = Debug|Any CPU
		{CDD3C1FF-13AC-4F0D-BD24-E99B3844B35A}.Release|Any CPU.ActiveCfg = Release|Any CPU
		{CDD3C1FF-13AC-4F0D-BD24-E99B3844B35A}.Release|Any CPU.Build.0 = Release|Any CPU
		{CDD3C1FF-13AC-4F0D-BD24-E99B3844B35A}.Release|Any CPU.Deploy.0 = Release|Any CPU
		{CDD3C1FF-13AC-4F0D-BD24-E99B3844B35A}.Release|ARM.ActiveCfg = Release|Any CPU
		{CDD3C1FF-13AC-4F0D-BD24-E99B3844B35A}.Release|ARM.Build.0 = Release|Any CPU
		{CDD3C1FF-13AC-4F0D-BD24-E99B3844B35A}.Release|ARM.Deploy.0 = Release|Any CPU
		{CDD3C1FF-13AC-4F0D-BD24-E99B3844B35A}.Release|iPhone.ActiveCfg = Release|Any CPU
		{CDD3C1FF-13AC-4F0D-BD24-E99B3844B35A}.Release|iPhone.Build.0 = Release|Any CPU
		{CDD3C1FF-13AC-4F0D-BD24-E99B3844B35A}.Release|iPhone.Deploy.0 = Release|Any CPU
		{CDD3C1FF-13AC-4F0D-BD24-E99B3844B35A}.Release|iPhoneSimulator.ActiveCfg = Release|Any CPU
		{CDD3C1FF-13AC-4F0D-BD24-E99B3844B35A}.Release|iPhoneSimulator.Build.0 = Release|Any CPU
		{CDD3C1FF-13AC-4F0D-BD24-E99B3844B35A}.Release|iPhoneSimulator.Deploy.0 = Release|Any CPU
		{CDD3C1FF-13AC-4F0D-BD24-E99B3844B35A}.Release|x64.ActiveCfg = Release|Any CPU
		{CDD3C1FF-13AC-4F0D-BD24-E99B3844B35A}.Release|x64.Build.0 = Release|Any CPU
		{CDD3C1FF-13AC-4F0D-BD24-E99B3844B35A}.Release|x64.Deploy.0 = Release|Any CPU
		{CDD3C1FF-13AC-4F0D-BD24-E99B3844B35A}.Release|x86.ActiveCfg = Release|Any CPU
		{CDD3C1FF-13AC-4F0D-BD24-E99B3844B35A}.Release|x86.Build.0 = Release|Any CPU
		{CDD3C1FF-13AC-4F0D-BD24-E99B3844B35A}.Release|x86.Deploy.0 = Release|Any CPU
		{A5289D39-CEF2-41A7-9FD6-8A2E8F428E8B}.Debug|Any CPU.ActiveCfg = Debug|Any CPU
		{A5289D39-CEF2-41A7-9FD6-8A2E8F428E8B}.Debug|Any CPU.Build.0 = Debug|Any CPU
		{A5289D39-CEF2-41A7-9FD6-8A2E8F428E8B}.Debug|ARM.ActiveCfg = Debug|Any CPU
		{A5289D39-CEF2-41A7-9FD6-8A2E8F428E8B}.Debug|ARM.Build.0 = Debug|Any CPU
		{A5289D39-CEF2-41A7-9FD6-8A2E8F428E8B}.Debug|iPhone.ActiveCfg = Debug|Any CPU
		{A5289D39-CEF2-41A7-9FD6-8A2E8F428E8B}.Debug|iPhone.Build.0 = Debug|Any CPU
		{A5289D39-CEF2-41A7-9FD6-8A2E8F428E8B}.Debug|iPhoneSimulator.ActiveCfg = Debug|Any CPU
		{A5289D39-CEF2-41A7-9FD6-8A2E8F428E8B}.Debug|iPhoneSimulator.Build.0 = Debug|Any CPU
		{A5289D39-CEF2-41A7-9FD6-8A2E8F428E8B}.Debug|x64.ActiveCfg = Debug|Any CPU
		{A5289D39-CEF2-41A7-9FD6-8A2E8F428E8B}.Debug|x64.Build.0 = Debug|Any CPU
		{A5289D39-CEF2-41A7-9FD6-8A2E8F428E8B}.Debug|x86.ActiveCfg = Debug|Any CPU
		{A5289D39-CEF2-41A7-9FD6-8A2E8F428E8B}.Debug|x86.Build.0 = Debug|Any CPU
		{A5289D39-CEF2-41A7-9FD6-8A2E8F428E8B}.Release|Any CPU.ActiveCfg = Release|Any CPU
		{A5289D39-CEF2-41A7-9FD6-8A2E8F428E8B}.Release|Any CPU.Build.0 = Release|Any CPU
		{A5289D39-CEF2-41A7-9FD6-8A2E8F428E8B}.Release|ARM.ActiveCfg = Release|Any CPU
		{A5289D39-CEF2-41A7-9FD6-8A2E8F428E8B}.Release|ARM.Build.0 = Release|Any CPU
		{A5289D39-CEF2-41A7-9FD6-8A2E8F428E8B}.Release|iPhone.ActiveCfg = Release|Any CPU
		{A5289D39-CEF2-41A7-9FD6-8A2E8F428E8B}.Release|iPhone.Build.0 = Release|Any CPU
		{A5289D39-CEF2-41A7-9FD6-8A2E8F428E8B}.Release|iPhoneSimulator.ActiveCfg = Release|Any CPU
		{A5289D39-CEF2-41A7-9FD6-8A2E8F428E8B}.Release|iPhoneSimulator.Build.0 = Release|Any CPU
		{A5289D39-CEF2-41A7-9FD6-8A2E8F428E8B}.Release|x64.ActiveCfg = Release|Any CPU
		{A5289D39-CEF2-41A7-9FD6-8A2E8F428E8B}.Release|x64.Build.0 = Release|Any CPU
		{A5289D39-CEF2-41A7-9FD6-8A2E8F428E8B}.Release|x86.ActiveCfg = Release|Any CPU
		{A5289D39-CEF2-41A7-9FD6-8A2E8F428E8B}.Release|x86.Build.0 = Release|Any CPU
	EndGlobalSection
	GlobalSection(SolutionProperties) = preSolution
		HideSolutionNode = FALSE
	EndGlobalSection
	GlobalSection(NestedProjects) = preSolution
		{A5289D39-CEF2-41A7-9FD6-8A2E8F428E8B} = {EDFA0F6B-717A-4CDD-BEF2-C29BC50F365F}
	EndGlobalSection
	GlobalSection(ExtensibilityGlobals) = postSolution
		SolutionGuid = {CBAD2163-9CA8-4542-8C9D-8BD5F2819839}
	EndGlobalSection
EndGlobal
